[[package]]
name = "arrayref"
version = "0.3.5"
source = "registry+https://github.com/rust-lang/crates.io-index"

[[package]]
name = "base64"
version = "0.6.0"
source = "registry+https://github.com/rust-lang/crates.io-index"
dependencies = [
 "byteorder 1.2.6 (registry+https://github.com/rust-lang/crates.io-index)",
 "safemem 0.2.0 (registry+https://github.com/rust-lang/crates.io-index)",
]

[[package]]
name = "bitflags"
version = "1.0.4"
source = "registry+https://github.com/rust-lang/crates.io-index"

[[package]]
name = "block-buffer"
version = "0.3.3"
source = "registry+https://github.com/rust-lang/crates.io-index"
dependencies = [
 "arrayref 0.3.5 (registry+https://github.com/rust-lang/crates.io-index)",
 "byte-tools 0.2.0 (registry+https://github.com/rust-lang/crates.io-index)",
]

[[package]]
name = "byte-tools"
version = "0.2.0"
source = "registry+https://github.com/rust-lang/crates.io-index"

[[package]]
name = "byteorder"
version = "1.2.6"
source = "registry+https://github.com/rust-lang/crates.io-index"

[[package]]
name = "bytes"
version = "0.4.10"
source = "registry+https://github.com/rust-lang/crates.io-index"
dependencies = [
 "byteorder 1.2.6 (registry+https://github.com/rust-lang/crates.io-index)",
 "iovec 0.1.2 (registry+https://github.com/rust-lang/crates.io-index)",
]

[[package]]
name = "cfg-if"
version = "0.1.5"
source = "registry+https://github.com/rust-lang/crates.io-index"

[[package]]
name = "chrono"
version = "0.4.6"
source = "registry+https://github.com/rust-lang/crates.io-index"
dependencies = [
 "num-integer 0.1.39 (registry+https://github.com/rust-lang/crates.io-index)",
 "num-traits 0.2.6 (registry+https://github.com/rust-lang/crates.io-index)",
 "time 0.1.40 (registry+https://github.com/rust-lang/crates.io-index)",
]

[[package]]
name = "colored"
version = "1.6.1"
source = "registry+https://github.com/rust-lang/crates.io-index"
dependencies = [
 "lazy_static 1.1.0 (registry+https://github.com/rust-lang/crates.io-index)",
]

[[package]]
name = "constant_time_eq"
version = "0.1.3"
source = "registry+https://github.com/rust-lang/crates.io-index"

[[package]]
name = "crypto-mac"
version = "0.5.2"
source = "registry+https://github.com/rust-lang/crates.io-index"
dependencies = [
 "constant_time_eq 0.1.3 (registry+https://github.com/rust-lang/crates.io-index)",
 "generic-array 0.9.0 (registry+https://github.com/rust-lang/crates.io-index)",
]

[[package]]
name = "digest"
version = "0.7.6"
source = "registry+https://github.com/rust-lang/crates.io-index"
dependencies = [
 "generic-array 0.9.0 (registry+https://github.com/rust-lang/crates.io-index)",
]

[[package]]
name = "fake-simd"
version = "0.1.2"
source = "registry+https://github.com/rust-lang/crates.io-index"

[[package]]
name = "fallible-iterator"
version = "0.1.5"
source = "registry+https://github.com/rust-lang/crates.io-index"

[[package]]
name = "fuchsia-zircon"
version = "0.3.3"
source = "registry+https://github.com/rust-lang/crates.io-index"
dependencies = [
 "bitflags 1.0.4 (registry+https://github.com/rust-lang/crates.io-index)",
 "fuchsia-zircon-sys 0.3.3 (registry+https://github.com/rust-lang/crates.io-index)",
]

[[package]]
name = "fuchsia-zircon-sys"
version = "0.3.3"
source = "registry+https://github.com/rust-lang/crates.io-index"

[[package]]
name = "generic-array"
version = "0.9.0"
source = "registry+https://github.com/rust-lang/crates.io-index"
dependencies = [
 "typenum 1.10.0 (registry+https://github.com/rust-lang/crates.io-index)",
]

[[package]]
name = "hex"
version = "0.2.0"
source = "registry+https://github.com/rust-lang/crates.io-index"

[[package]]
name = "hmac"
version = "0.5.0"
source = "registry+https://github.com/rust-lang/crates.io-index"
dependencies = [
 "crypto-mac 0.5.2 (registry+https://github.com/rust-lang/crates.io-index)",
 "digest 0.7.6 (registry+https://github.com/rust-lang/crates.io-index)",
]

[[package]]
name = "iovec"
version = "0.1.2"
source = "registry+https://github.com/rust-lang/crates.io-index"
dependencies = [
 "libc 0.2.43 (registry+https://github.com/rust-lang/crates.io-index)",
 "winapi 0.2.8 (registry+https://github.com/rust-lang/crates.io-index)",
]

[[package]]
name = "itoa"
version = "0.4.3"
source = "registry+https://github.com/rust-lang/crates.io-index"

[[package]]
name = "jdbc-native"
version = "0.1.0"
dependencies = [
 "byteorder 1.2.6 (registry+https://github.com/rust-lang/crates.io-index)",
 "chrono 0.4.6 (registry+https://github.com/rust-lang/crates.io-index)",
 "colored 1.6.1 (registry+https://github.com/rust-lang/crates.io-index)",
 "log 0.4.5 (registry+https://github.com/rust-lang/crates.io-index)",
 "num-traits 0.2.6 (registry+https://github.com/rust-lang/crates.io-index)",
 "postgres 0.15.2 (registry+https://github.com/rust-lang/crates.io-index)",
 "postgres_array 0.9.0 (registry+https://github.com/rust-lang/crates.io-index)",
 "rust_decimal 0.10.1 (registry+https://github.com/rust-lang/crates.io-index)",
 "serde 1.0.79 (registry+https://github.com/rust-lang/crates.io-index)",
 "serde_derive 1.0.79 (registry+https://github.com/rust-lang/crates.io-index)",
 "serde_json 1.0.31 (registry+https://github.com/rust-lang/crates.io-index)",
 "uuid 0.5.1 (registry+https://github.com/rust-lang/crates.io-index)",
]

[[package]]
name = "lazy_static"
version = "1.1.0"
source = "registry+https://github.com/rust-lang/crates.io-index"
dependencies = [
 "version_check 0.1.5 (registry+https://github.com/rust-lang/crates.io-index)",
]

[[package]]
name = "libc"
version = "0.2.43"
source = "registry+https://github.com/rust-lang/crates.io-index"

[[package]]
name = "log"
version = "0.4.5"
source = "registry+https://github.com/rust-lang/crates.io-index"
dependencies = [
 "cfg-if 0.1.5 (registry+https://github.com/rust-lang/crates.io-index)",
]

[[package]]
name = "matches"
version = "0.1.8"
source = "registry+https://github.com/rust-lang/crates.io-index"

[[package]]
name = "md5"
version = "0.3.8"
source = "registry+https://github.com/rust-lang/crates.io-index"

[[package]]
name = "memchr"
version = "1.0.2"
source = "registry+https://github.com/rust-lang/crates.io-index"
dependencies = [
 "libc 0.2.43 (registry+https://github.com/rust-lang/crates.io-index)",
]

[[package]]
name = "num"
version = "0.2.0"
source = "registry+https://github.com/rust-lang/crates.io-index"
dependencies = [
 "num-bigint 0.2.0 (registry+https://github.com/rust-lang/crates.io-index)",
 "num-complex 0.2.0 (registry+https://github.com/rust-lang/crates.io-index)",
 "num-integer 0.1.39 (registry+https://github.com/rust-lang/crates.io-index)",
 "num-iter 0.1.37 (registry+https://github.com/rust-lang/crates.io-index)",
 "num-rational 0.2.1 (registry+https://github.com/rust-lang/crates.io-index)",
 "num-traits 0.2.6 (registry+https://github.com/rust-lang/crates.io-index)",
]

[[package]]
name = "num-bigint"
version = "0.2.0"
source = "registry+https://github.com/rust-lang/crates.io-index"
dependencies = [
 "num-integer 0.1.39 (registry+https://github.com/rust-lang/crates.io-index)",
 "num-traits 0.2.6 (registry+https://github.com/rust-lang/crates.io-index)",
]

[[package]]
name = "num-complex"
version = "0.2.0"
source = "registry+https://github.com/rust-lang/crates.io-index"
dependencies = [
 "num-traits 0.2.6 (registry+https://github.com/rust-lang/crates.io-index)",
]

[[package]]
name = "num-integer"
version = "0.1.39"
source = "registry+https://github.com/rust-lang/crates.io-index"
dependencies = [
 "num-traits 0.2.6 (registry+https://github.com/rust-lang/crates.io-index)",
]

[[package]]
name = "num-iter"
version = "0.1.37"
source = "registry+https://github.com/rust-lang/crates.io-index"
dependencies = [
 "num-integer 0.1.39 (registry+https://github.com/rust-lang/crates.io-index)",
 "num-traits 0.2.6 (registry+https://github.com/rust-lang/crates.io-index)",
]

[[package]]
name = "num-rational"
version = "0.2.1"
source = "registry+https://github.com/rust-lang/crates.io-index"
dependencies = [
 "num-bigint 0.2.0 (registry+https://github.com/rust-lang/crates.io-index)",
 "num-integer 0.1.39 (registry+https://github.com/rust-lang/crates.io-index)",
 "num-traits 0.2.6 (registry+https://github.com/rust-lang/crates.io-index)",
]

[[package]]
name = "num-traits"
version = "0.2.6"
source = "registry+https://github.com/rust-lang/crates.io-index"

[[package]]
name = "phf"
version = "0.7.23"
source = "registry+https://github.com/rust-lang/crates.io-index"
dependencies = [
 "phf_shared 0.7.23 (registry+https://github.com/rust-lang/crates.io-index)",
]

[[package]]
name = "phf_shared"
version = "0.7.23"
source = "registry+https://github.com/rust-lang/crates.io-index"
dependencies = [
 "siphasher 0.2.3 (registry+https://github.com/rust-lang/crates.io-index)",
]

[[package]]
name = "postgres"
version = "0.15.2"
source = "registry+https://github.com/rust-lang/crates.io-index"
dependencies = [
 "bytes 0.4.10 (registry+https://github.com/rust-lang/crates.io-index)",
 "fallible-iterator 0.1.5 (registry+https://github.com/rust-lang/crates.io-index)",
 "log 0.4.5 (registry+https://github.com/rust-lang/crates.io-index)",
 "postgres-protocol 0.3.2 (registry+https://github.com/rust-lang/crates.io-index)",
 "postgres-shared 0.4.2 (registry+https://github.com/rust-lang/crates.io-index)",
 "socket2 0.3.8 (registry+https://github.com/rust-lang/crates.io-index)",
]

[[package]]
name = "postgres-protocol"
version = "0.3.2"
source = "registry+https://github.com/rust-lang/crates.io-index"
dependencies = [
 "base64 0.6.0 (registry+https://github.com/rust-lang/crates.io-index)",
 "byteorder 1.2.6 (registry+https://github.com/rust-lang/crates.io-index)",
 "bytes 0.4.10 (registry+https://github.com/rust-lang/crates.io-index)",
 "fallible-iterator 0.1.5 (registry+https://github.com/rust-lang/crates.io-index)",
 "generic-array 0.9.0 (registry+https://github.com/rust-lang/crates.io-index)",
 "hmac 0.5.0 (registry+https://github.com/rust-lang/crates.io-index)",
 "md5 0.3.8 (registry+https://github.com/rust-lang/crates.io-index)",
 "memchr 1.0.2 (registry+https://github.com/rust-lang/crates.io-index)",
 "rand 0.3.22 (registry+https://github.com/rust-lang/crates.io-index)",
 "sha2 0.7.1 (registry+https://github.com/rust-lang/crates.io-index)",
 "stringprep 0.1.2 (registry+https://github.com/rust-lang/crates.io-index)",
]

[[package]]
name = "postgres-shared"
version = "0.4.2"
source = "registry+https://github.com/rust-lang/crates.io-index"
dependencies = [
 "chrono 0.4.6 (registry+https://github.com/rust-lang/crates.io-index)",
 "fallible-iterator 0.1.5 (registry+https://github.com/rust-lang/crates.io-index)",
 "hex 0.2.0 (registry+https://github.com/rust-lang/crates.io-index)",
 "phf 0.7.23 (registry+https://github.com/rust-lang/crates.io-index)",
 "postgres-protocol 0.3.2 (registry+https://github.com/rust-lang/crates.io-index)",
 "uuid 0.5.1 (registry+https://github.com/rust-lang/crates.io-index)",
]

[[package]]
name = "postgres_array"
version = "0.9.0"
source = "registry+https://github.com/rust-lang/crates.io-index"
dependencies = [
 "fallible-iterator 0.1.5 (registry+https://github.com/rust-lang/crates.io-index)",
 "postgres-protocol 0.3.2 (registry+https://github.com/rust-lang/crates.io-index)",
 "postgres-shared 0.4.2 (registry+https://github.com/rust-lang/crates.io-index)",
]

[[package]]
name = "proc-macro2"
version = "0.4.19"
source = "registry+https://github.com/rust-lang/crates.io-index"
dependencies = [
 "unicode-xid 0.1.0 (registry+https://github.com/rust-lang/crates.io-index)",
]

[[package]]
name = "quote"
version = "0.6.8"
source = "registry+https://github.com/rust-lang/crates.io-index"
dependencies = [
 "proc-macro2 0.4.19 (registry+https://github.com/rust-lang/crates.io-index)",
]

[[package]]
name = "rand"
version = "0.3.22"
source = "registry+https://github.com/rust-lang/crates.io-index"
dependencies = [
 "fuchsia-zircon 0.3.3 (registry+https://github.com/rust-lang/crates.io-index)",
 "libc 0.2.43 (registry+https://github.com/rust-lang/crates.io-index)",
 "rand 0.4.3 (registry+https://github.com/rust-lang/crates.io-index)",
]

[[package]]
name = "rand"
version = "0.4.3"
source = "registry+https://github.com/rust-lang/crates.io-index"
dependencies = [
 "fuchsia-zircon 0.3.3 (registry+https://github.com/rust-lang/crates.io-index)",
 "libc 0.2.43 (registry+https://github.com/rust-lang/crates.io-index)",
 "winapi 0.3.6 (registry+https://github.com/rust-lang/crates.io-index)",
]

[[package]]
name = "redox_syscall"
version = "0.1.40"
source = "registry+https://github.com/rust-lang/crates.io-index"

[[package]]
name = "rust_decimal"
version = "0.10.1"
source = "registry+https://github.com/rust-lang/crates.io-index"
dependencies = [
 "byteorder 1.2.6 (registry+https://github.com/rust-lang/crates.io-index)",
 "lazy_static 1.1.0 (registry+https://github.com/rust-lang/crates.io-index)",
 "num 0.2.0 (registry+https://github.com/rust-lang/crates.io-index)",
 "postgres 0.15.2 (registry+https://github.com/rust-lang/crates.io-index)",
 "serde 1.0.79 (registry+https://github.com/rust-lang/crates.io-index)",
]

[[package]]
name = "ryu"
version = "0.2.6"
source = "registry+https://github.com/rust-lang/crates.io-index"

[[package]]
name = "safemem"
version = "0.2.0"
source = "registry+https://github.com/rust-lang/crates.io-index"

[[package]]
name = "serde"
version = "1.0.79"
source = "registry+https://github.com/rust-lang/crates.io-index"

[[package]]
name = "serde_derive"
version = "1.0.79"
source = "registry+https://github.com/rust-lang/crates.io-index"
dependencies = [
 "proc-macro2 0.4.19 (registry+https://github.com/rust-lang/crates.io-index)",
 "quote 0.6.8 (registry+https://github.com/rust-lang/crates.io-index)",
 "syn 0.15.6 (registry+https://github.com/rust-lang/crates.io-index)",
]

[[package]]
name = "serde_json"
version = "1.0.31"
source = "registry+https://github.com/rust-lang/crates.io-index"
dependencies = [
 "itoa 0.4.3 (registry+https://github.com/rust-lang/crates.io-index)",
 "ryu 0.2.6 (registry+https://github.com/rust-lang/crates.io-index)",
 "serde 1.0.79 (registry+https://github.com/rust-lang/crates.io-index)",
]

[[package]]
name = "sha2"
version = "0.7.1"
source = "registry+https://github.com/rust-lang/crates.io-index"
dependencies = [
 "block-buffer 0.3.3 (registry+https://github.com/rust-lang/crates.io-index)",
 "byte-tools 0.2.0 (registry+https://github.com/rust-lang/crates.io-index)",
 "digest 0.7.6 (registry+https://github.com/rust-lang/crates.io-index)",
 "fake-simd 0.1.2 (registry+https://github.com/rust-lang/crates.io-index)",
]

[[package]]
name = "siphasher"
version = "0.2.3"
source = "registry+https://github.com/rust-lang/crates.io-index"

[[package]]
name = "socket2"
version = "0.3.8"
source = "registry+https://github.com/rust-lang/crates.io-index"
dependencies = [
 "cfg-if 0.1.5 (registry+https://github.com/rust-lang/crates.io-index)",
 "libc 0.2.43 (registry+https://github.com/rust-lang/crates.io-index)",
 "redox_syscall 0.1.40 (registry+https://github.com/rust-lang/crates.io-index)",
 "winapi 0.3.6 (registry+https://github.com/rust-lang/crates.io-index)",
]

[[package]]
name = "stringprep"
version = "0.1.2"
source = "registry+https://github.com/rust-lang/crates.io-index"
dependencies = [
 "unicode-bidi 0.3.4 (registry+https://github.com/rust-lang/crates.io-index)",
 "unicode-normalization 0.1.7 (registry+https://github.com/rust-lang/crates.io-index)",
]

[[package]]
name = "syn"
version = "0.15.6"
source = "registry+https://github.com/rust-lang/crates.io-index"
dependencies = [
 "proc-macro2 0.4.19 (registry+https://github.com/rust-lang/crates.io-index)",
 "quote 0.6.8 (registry+https://github.com/rust-lang/crates.io-index)",
 "unicode-xid 0.1.0 (registry+https://github.com/rust-lang/crates.io-index)",
]

[[package]]
name = "time"
version = "0.1.40"
source = "registry+https://github.com/rust-lang/crates.io-index"
dependencies = [
 "libc 0.2.43 (registry+https://github.com/rust-lang/crates.io-index)",
 "redox_syscall 0.1.40 (registry+https://github.com/rust-lang/crates.io-index)",
 "winapi 0.3.6 (registry+https://github.com/rust-lang/crates.io-index)",
]

[[package]]
name = "typenum"
version = "1.10.0"
source = "registry+https://github.com/rust-lang/crates.io-index"

[[package]]
name = "unicode-bidi"
version = "0.3.4"
source = "registry+https://github.com/rust-lang/crates.io-index"
dependencies = [
 "matches 0.1.8 (registry+https://github.com/rust-lang/crates.io-index)",
]

[[package]]
name = "unicode-normalization"
version = "0.1.7"
source = "registry+https://github.com/rust-lang/crates.io-index"

[[package]]
name = "unicode-xid"
version = "0.1.0"
source = "registry+https://github.com/rust-lang/crates.io-index"

[[package]]
name = "uuid"
version = "0.5.1"
source = "registry+https://github.com/rust-lang/crates.io-index"

[[package]]
name = "version_check"
version = "0.1.5"
source = "registry+https://github.com/rust-lang/crates.io-index"

[[package]]
name = "winapi"
version = "0.2.8"
source = "registry+https://github.com/rust-lang/crates.io-index"

[[package]]
name = "winapi"
version = "0.3.6"
source = "registry+https://github.com/rust-lang/crates.io-index"
dependencies = [
 "winapi-i686-pc-windows-gnu 0.4.0 (registry+https://github.com/rust-lang/crates.io-index)",
 "winapi-x86_64-pc-windows-gnu 0.4.0 (registry+https://github.com/rust-lang/crates.io-index)",
]

[[package]]
name = "winapi-i686-pc-windows-gnu"
version = "0.4.0"
source = "registry+https://github.com/rust-lang/crates.io-index"

[[package]]
name = "winapi-x86_64-pc-windows-gnu"
version = "0.4.0"
source = "registry+https://github.com/rust-lang/crates.io-index"

[metadata]
"checksum arrayref 0.3.5 (registry+https://github.com/rust-lang/crates.io-index)" = "0d382e583f07208808f6b1249e60848879ba3543f57c32277bf52d69c2f0f0ee"
"checksum base64 0.6.0 (registry+https://github.com/rust-lang/crates.io-index)" = "96434f987501f0ed4eb336a411e0631ecd1afa11574fe148587adc4ff96143c9"
"checksum bitflags 1.0.4 (registry+https://github.com/rust-lang/crates.io-index)" = "228047a76f468627ca71776ecdebd732a3423081fcf5125585bcd7c49886ce12"
"checksum block-buffer 0.3.3 (registry+https://github.com/rust-lang/crates.io-index)" = "a076c298b9ecdb530ed9d967e74a6027d6a7478924520acddcddc24c1c8ab3ab"
"checksum byte-tools 0.2.0 (registry+https://github.com/rust-lang/crates.io-index)" = "560c32574a12a89ecd91f5e742165893f86e3ab98d21f8ea548658eb9eef5f40"
"checksum byteorder 1.2.6 (registry+https://github.com/rust-lang/crates.io-index)" = "90492c5858dd7d2e78691cfb89f90d273a2800fc11d98f60786e5d87e2f83781"
"checksum bytes 0.4.10 (registry+https://github.com/rust-lang/crates.io-index)" = "0ce55bd354b095246fc34caf4e9e242f5297a7fd938b090cadfea6eee614aa62"
"checksum cfg-if 0.1.5 (registry+https://github.com/rust-lang/crates.io-index)" = "0c4e7bb64a8ebb0d856483e1e682ea3422f883c5f5615a90d51a2c82fe87fdd3"
"checksum chrono 0.4.6 (registry+https://github.com/rust-lang/crates.io-index)" = "45912881121cb26fad7c38c17ba7daa18764771836b34fab7d3fbd93ed633878"
"checksum colored 1.6.1 (registry+https://github.com/rust-lang/crates.io-index)" = "dc0a60679001b62fb628c4da80e574b9645ab4646056d7c9018885efffe45533"
"checksum constant_time_eq 0.1.3 (registry+https://github.com/rust-lang/crates.io-index)" = "8ff012e225ce166d4422e0e78419d901719760f62ae2b7969ca6b564d1b54a9e"
"checksum crypto-mac 0.5.2 (registry+https://github.com/rust-lang/crates.io-index)" = "0999b4ff4d3446d4ddb19a63e9e00c1876e75cd7000d20e57a693b4b3f08d958"
"checksum digest 0.7.6 (registry+https://github.com/rust-lang/crates.io-index)" = "03b072242a8cbaf9c145665af9d250c59af3b958f83ed6824e13533cf76d5b90"
"checksum fake-simd 0.1.2 (registry+https://github.com/rust-lang/crates.io-index)" = "e88a8acf291dafb59c2d96e8f59828f3838bb1a70398823ade51a84de6a6deed"
"checksum fallible-iterator 0.1.5 (registry+https://github.com/rust-lang/crates.io-index)" = "ea79295a7a3e0d77f19e763cf1fe7189cd95fc2b36735ea0ea6b711a7380f509"
"checksum fuchsia-zircon 0.3.3 (registry+https://github.com/rust-lang/crates.io-index)" = "2e9763c69ebaae630ba35f74888db465e49e259ba1bc0eda7d06f4a067615d82"
"checksum fuchsia-zircon-sys 0.3.3 (registry+https://github.com/rust-lang/crates.io-index)" = "3dcaa9ae7725d12cdb85b3ad99a434db70b468c09ded17e012d86b5c1010f7a7"
"checksum generic-array 0.9.0 (registry+https://github.com/rust-lang/crates.io-index)" = "ef25c5683767570c2bbd7deba372926a55eaae9982d7726ee2a1050239d45b9d"
"checksum hex 0.2.0 (registry+https://github.com/rust-lang/crates.io-index)" = "d6a22814455d41612f41161581c2883c0c6a1c41852729b17d5ed88f01e153aa"
"checksum hmac 0.5.0 (registry+https://github.com/rust-lang/crates.io-index)" = "44f3bdb08579d99d7dc761c0e266f13b5f2ab8c8c703b9fc9ef333cd8f48f55e"
"checksum iovec 0.1.2 (registry+https://github.com/rust-lang/crates.io-index)" = "dbe6e417e7d0975db6512b90796e8ce223145ac4e33c377e4a42882a0e88bb08"
"checksum itoa 0.4.3 (registry+https://github.com/rust-lang/crates.io-index)" = "1306f3464951f30e30d12373d31c79fbd52d236e5e896fd92f96ec7babbbe60b"
"checksum lazy_static 1.1.0 (registry+https://github.com/rust-lang/crates.io-index)" = "ca488b89a5657b0a2ecd45b95609b3e848cf1755da332a0da46e2b2b1cb371a7"
"checksum libc 0.2.43 (registry+https://github.com/rust-lang/crates.io-index)" = "76e3a3ef172f1a0b9a9ff0dd1491ae5e6c948b94479a3021819ba7d860c8645d"
"checksum log 0.4.5 (registry+https://github.com/rust-lang/crates.io-index)" = "d4fcce5fa49cc693c312001daf1d13411c4a5283796bac1084299ea3e567113f"
"checksum matches 0.1.8 (registry+https://github.com/rust-lang/crates.io-index)" = "7ffc5c5338469d4d3ea17d269fa8ea3512ad247247c30bd2df69e68309ed0a08"
"checksum md5 0.3.8 (registry+https://github.com/rust-lang/crates.io-index)" = "79c56d6a0b07f9e19282511c83fc5b086364cbae4ba8c7d5f190c3d9b0425a48"
"checksum memchr 1.0.2 (registry+https://github.com/rust-lang/crates.io-index)" = "148fab2e51b4f1cfc66da2a7c32981d1d3c083a803978268bb11fe4b86925e7a"
"checksum num 0.2.0 (registry+https://github.com/rust-lang/crates.io-index)" = "cf4825417e1e1406b3782a8ce92f4d53f26ec055e3622e1881ca8e9f5f9e08db"
"checksum num-bigint 0.2.0 (registry+https://github.com/rust-lang/crates.io-index)" = "3eceac7784c5dc97c2d6edf30259b4e153e6e2b42b3c85e9a6e9f45d06caef6e"
"checksum num-complex 0.2.0 (registry+https://github.com/rust-lang/crates.io-index)" = "68de83578789e0fbda3fa923035be83cf8bfd3b30ccfdecd5aa89bf8601f408e"
"checksum num-integer 0.1.39 (registry+https://github.com/rust-lang/crates.io-index)" = "e83d528d2677f0518c570baf2b7abdcf0cd2d248860b68507bdcb3e91d4c0cea"
"checksum num-iter 0.1.37 (registry+https://github.com/rust-lang/crates.io-index)" = "af3fdbbc3291a5464dc57b03860ec37ca6bf915ed6ee385e7c6c052c422b2124"
"checksum num-rational 0.2.1 (registry+https://github.com/rust-lang/crates.io-index)" = "4e96f040177bb3da242b5b1ecf3f54b5d5af3efbbfb18608977a5d2767b22f10"
"checksum num-traits 0.2.6 (registry+https://github.com/rust-lang/crates.io-index)" = "0b3a5d7cc97d6d30d8b9bc8fa19bf45349ffe46241e8816f50f62f6d6aaabee1"
"checksum phf 0.7.23 (registry+https://github.com/rust-lang/crates.io-index)" = "cec29da322b242f4c3098852c77a0ca261c9c01b806cae85a5572a1eb94db9a6"
"checksum phf_shared 0.7.23 (registry+https://github.com/rust-lang/crates.io-index)" = "b539898d22d4273ded07f64a05737649dc69095d92cb87c7097ec68e3f150b93"
"checksum postgres 0.15.2 (registry+https://github.com/rust-lang/crates.io-index)" = "115dde90ef51af573580c035857badbece2aa5cde3de1dfb3c932969ca92a6c5"
"checksum postgres-protocol 0.3.2 (registry+https://github.com/rust-lang/crates.io-index)" = "2487e66455bf88a1b247bf08a3ce7fe5197ac6d67228d920b0ee6a0e97fd7312"
"checksum postgres-shared 0.4.2 (registry+https://github.com/rust-lang/crates.io-index)" = "ffac35b3e0029b404c24a3b82149b4e904f293e8ca4a327eefa24d3ca50df36f"
"checksum postgres_array 0.9.0 (registry+https://github.com/rust-lang/crates.io-index)" = "47a66591ba02b424b59a1fc157846dc1c01c986d2bca61c88e0b01ad71376a37"
"checksum proc-macro2 0.4.19 (registry+https://github.com/rust-lang/crates.io-index)" = "ffe022fb8c8bd254524b0b3305906c1921fa37a84a644e29079a9e62200c3901"
"checksum quote 0.6.8 (registry+https://github.com/rust-lang/crates.io-index)" = "dd636425967c33af890042c483632d33fa7a18f19ad1d7ea72e8998c6ef8dea5"
"checksum rand 0.3.22 (registry+https://github.com/rust-lang/crates.io-index)" = "15a732abf9d20f0ad8eeb6f909bf6868722d9a06e1e50802b6a70351f40b4eb1"
"checksum rand 0.4.3 (registry+https://github.com/rust-lang/crates.io-index)" = "8356f47b32624fef5b3301c1be97e5944ecdd595409cc5da11d05f211db6cfbd"
"checksum redox_syscall 0.1.40 (registry+https://github.com/rust-lang/crates.io-index)" = "c214e91d3ecf43e9a4e41e578973adeb14b474f2bee858742d127af75a0112b1"
"checksum rust_decimal 0.10.1 (registry+https://github.com/rust-lang/crates.io-index)" = "796136a0b8bb073569c4531855d505a6bce8cbc457bfd8e514fa2113139aa6f0"
"checksum ryu 0.2.6 (registry+https://github.com/rust-lang/crates.io-index)" = "7153dd96dade874ab973e098cb62fcdbb89a03682e46b144fd09550998d4a4a7"
"checksum safemem 0.2.0 (registry+https://github.com/rust-lang/crates.io-index)" = "e27a8b19b835f7aea908818e871f5cc3a5a186550c30773be987e155e8163d8f"
"checksum serde 1.0.79 (registry+https://github.com/rust-lang/crates.io-index)" = "84257ccd054dc351472528c8587b4de2dbf0dc0fe2e634030c1a90bfdacebaa9"
"checksum serde_derive 1.0.79 (registry+https://github.com/rust-lang/crates.io-index)" = "31569d901045afbff7a9479f793177fe9259819aff10ab4f89ef69bbc5f567fe"
"checksum serde_json 1.0.31 (registry+https://github.com/rust-lang/crates.io-index)" = "bb47a3d5c84320222f66d7db21157c4a7407755de41798f9b4c1c40593397b1a"
"checksum sha2 0.7.1 (registry+https://github.com/rust-lang/crates.io-index)" = "9eb6be24e4c23a84d7184280d2722f7f2731fcdd4a9d886efbfe4413e4847ea0"
"checksum siphasher 0.2.3 (registry+https://github.com/rust-lang/crates.io-index)" = "0b8de496cf83d4ed58b6be86c3a275b8602f6ffe98d3024a869e124147a9a3ac"
"checksum socket2 0.3.8 (registry+https://github.com/rust-lang/crates.io-index)" = "c4d11a52082057d87cb5caa31ad812f4504b97ab44732cd8359df2e9ff9f48e7"
"checksum stringprep 0.1.2 (registry+https://github.com/rust-lang/crates.io-index)" = "8ee348cb74b87454fff4b551cbf727025810a004f88aeacae7f85b87f4e9a1c1"
"checksum syn 0.15.6 (registry+https://github.com/rust-lang/crates.io-index)" = "854b08a640fc8f54728fb95321e3ec485b365a97fe47609797c671addd1dde69"
"checksum time 0.1.40 (registry+https://github.com/rust-lang/crates.io-index)" = "d825be0eb33fda1a7e68012d51e9c7f451dc1a69391e7fdc197060bb8c56667b"
"checksum typenum 1.10.0 (registry+https://github.com/rust-lang/crates.io-index)" = "612d636f949607bdf9b123b4a6f6d966dedf3ff669f7f045890d3a4a73948169"
"checksum unicode-bidi 0.3.4 (registry+https://github.com/rust-lang/crates.io-index)" = "49f2bd0c6468a8230e1db229cff8029217cf623c767ea5d60bfbd42729ea54d5"
"checksum unicode-normalization 0.1.7 (registry+https://github.com/rust-lang/crates.io-index)" = "6a0180bc61fc5a987082bfa111f4cc95c4caff7f9799f3e46df09163a937aa25"
"checksum unicode-xid 0.1.0 (registry+https://github.com/rust-lang/crates.io-index)" = "fc72304796d0818e357ead4e000d19c9c174ab23dc11093ac919054d20a6a7fc"
"checksum uuid 0.5.1 (registry+https://github.com/rust-lang/crates.io-index)" = "bcc7e3b898aa6f6c08e5295b6c89258d1331e9ac578cc992fb818759951bdc22"
"checksum version_check 0.1.5 (registry+https://github.com/rust-lang/crates.io-index)" = "914b1a6776c4c929a602fafd8bc742e06365d4bcbe48c30f9cca5824f70dc9dd"
"checksum winapi 0.2.8 (registry+https://github.com/rust-lang/crates.io-index)" = "167dc9d6949a9b857f3451275e911c3f44255842c1f7a76f33c55103a909087a"
"checksum winapi 0.3.6 (registry+https://github.com/rust-lang/crates.io-index)" = "92c1eb33641e276cfa214a0522acad57be5c56b10cb348b3c5117db75f3ac4b0"
"checksum winapi-i686-pc-windows-gnu 0.4.0 (registry+https://github.com/rust-lang/crates.io-index)" = "ac3b87c63620426dd9b991e5ce0329eff545bccbbb34f3be09ff6fb6ab51b7b6"
"checksum winapi-x86_64-pc-windows-gnu 0.4.0 (registry+https://github.com/rust-lang/crates.io-index)" = "712e227841d057c1ee1cd2fb22fa7e5a5461ae8e48fa2ca79ec42cfc1931183f"
