[[package]]
name = "nullable"
version = "0.1.0"
dependencies = [
 "serde 1.0.89 (registry+https://github.com/rust-lang/crates.io-index)",
]

[[package]]
name = "serde"
version = "1.0.89"
source = "registry+https://github.com/rust-lang/crates.io-index"

[metadata]
"checksum serde 1.0.89 (registry+https://github.com/rust-lang/crates.io-index)" = "92514fb95f900c9b5126e32d020f5c6d40564c27a5ea6d1d7d9f157a96623560"
