# THIS IS AN AUTOGENERATED FILE. DO NOT EDIT THIS FILE DIRECTLY.
# yarn lockfile v1


argparse@^1.0.7:
  version "1.0.9"
  resolved "https://registry.yarnpkg.com/argparse/-/argparse-1.0.9.tgz#73d83bc263f86e97f8cc4f6bae1b0e90a7d22c86"
  dependencies:
    sprintf-js "~1.0.2"

array-iterate@^1.0.0:
  version "1.1.1"
  resolved "https://registry.yarnpkg.com/array-iterate/-/array-iterate-1.1.1.tgz#865bf7f8af39d6b0982c60902914ac76bc0108f6"

array-union@^1.0.1:
  version "1.0.2"
  resolved "https://registry.yarnpkg.com/array-union/-/array-union-1.0.2.tgz#9a34410e4f4e3da23dea375be5be70f24778ec39"
  dependencies:
    array-uniq "^1.0.1"

array-uniq@^1.0.1:
  version "1.0.3"
  resolved "https://registry.yarnpkg.com/array-uniq/-/array-uniq-1.0.3.tgz#af6ac877a25cc7f74e058894753858dfdb24fdb6"

asynckit@^0.4.0:
  version "0.4.0"
  resolved "https://registry.yarnpkg.com/asynckit/-/asynckit-0.4.0.tgz#c79ed97f7f34cb8f2ba1bc9790bcc366474b4b79"

bail@^1.0.0:
  version "1.0.2"
  resolved "https://registry.yarnpkg.com/bail/-/bail-1.0.2.tgz#f7d6c1731630a9f9f0d4d35ed1f962e2074a1764"

balanced-match@^1.0.0:
  version "1.0.0"
  resolved "https://registry.yarnpkg.com/balanced-match/-/balanced-match-1.0.0.tgz#89b4d199ab2bee49de164ea02b89ce462d71b767"

brace-expansion@^1.1.7:
  version "1.1.8"
  resolved "https://registry.yarnpkg.com/brace-expansion/-/brace-expansion-1.1.8.tgz#c07b211c7c952ec1f8efd51a77ef0d1d3990a292"
  dependencies:
    balanced-match "^1.0.0"
    concat-map "0.0.1"

browser-fingerprint@0.0.1:
  version "0.0.1"
  resolved "https://registry.yarnpkg.com/browser-fingerprint/-/browser-fingerprint-0.0.1.tgz#8df3cdca25bf7d5b3542d61545d730053fce604a"

buffer-alloc-unsafe@^0.1.0:
  version "0.1.1"
  resolved "https://registry.yarnpkg.com/buffer-alloc-unsafe/-/buffer-alloc-unsafe-0.1.1.tgz#ffe1f67551dd055737de253337bfe853dfab1a6a"

buffer-alloc@^1.1.0:
  version "1.1.0"
  resolved "https://registry.yarnpkg.com/buffer-alloc/-/buffer-alloc-1.1.0.tgz#05514d33bf1656d3540c684f65b1202e90eca303"
  dependencies:
    buffer-alloc-unsafe "^0.1.0"
    buffer-fill "^0.1.0"

buffer-fill@^0.1.0:
  version "0.1.0"
  resolved "https://registry.yarnpkg.com/buffer-fill/-/buffer-fill-0.1.0.tgz#ca9470e8d4d1b977fd7543f4e2ab6a7dc95101a8"

ccount@^1.0.0:
  version "1.0.2"
  resolved "https://registry.yarnpkg.com/ccount/-/ccount-1.0.2.tgz#53b6a2f815bb77b9c2871f7b9a72c3a25f1d8e89"

character-entities-html4@^1.0.0:
  version "1.1.1"
  resolved "https://registry.yarnpkg.com/character-entities-html4/-/character-entities-html4-1.1.1.tgz#359a2a4a0f7e29d3dc2ac99bdbe21ee39438ea50"

character-entities-legacy@^1.0.0:
  version "1.1.1"
  resolved "https://registry.yarnpkg.com/character-entities-legacy/-/character-entities-legacy-1.1.1.tgz#f40779df1a101872bb510a3d295e1fccf147202f"

character-entities@^1.0.0:
  version "1.2.1"
  resolved "https://registry.yarnpkg.com/character-entities/-/character-entities-1.2.1.tgz#f76871be5ef66ddb7f8f8e3478ecc374c27d6dca"

character-reference-invalid@^1.0.0:
  version "1.1.1"
  resolved "https://registry.yarnpkg.com/character-reference-invalid/-/character-reference-invalid-1.1.1.tgz#942835f750e4ec61a308e60c2ef8cc1011202efc"

collapse-white-space@^1.0.2:
  version "1.0.3"
  resolved "https://registry.yarnpkg.com/collapse-white-space/-/collapse-white-space-1.0.3.tgz#4b906f670e5a963a87b76b0e1689643341b6023c"

combined-stream@^1.0.5:
  version "1.0.5"
  resolved "https://registry.yarnpkg.com/combined-stream/-/combined-stream-1.0.5.tgz#938370a57b4a51dea2c77c15d5c5fdf895164009"
  dependencies:
    delayed-stream "~1.0.0"

concat-map@0.0.1:
  version "0.0.1"
  resolved "https://registry.yarnpkg.com/concat-map/-/concat-map-0.0.1.tgz#d8a96bd77fd68df7793a73036a3ba0d5405d477b"

core-js@^1.1.1:
  version "1.2.7"
  resolved "https://registry.yarnpkg.com/core-js/-/core-js-1.2.7.tgz#652294c14651db28fa93bd2d5ff2983a4f08c636"

cross-fetch@0.0.8:
  version "0.0.8"
  resolved "https://registry.yarnpkg.com/cross-fetch/-/cross-fetch-0.0.8.tgz#01ed94dc407df2c00f1807fde700a7cfa48a205c"
  dependencies:
    node-fetch "1.7.3"
    whatwg-fetch "2.0.3"

cuid@^1.3.8:
  version "1.3.8"
  resolved "https://registry.yarnpkg.com/cuid/-/cuid-1.3.8.tgz#4b875e0969bad764f7ec0706cf44f5fb0831f6b7"
  dependencies:
    browser-fingerprint "0.0.1"
    core-js "^1.1.1"
    node-fingerprint "0.0.2"

debug@^3.1.0:
  version "3.1.0"
  resolved "https://registry.yarnpkg.com/debug/-/debug-3.1.0.tgz#5bb5a0672628b64149566ba16819e61518c67261"
  dependencies:
    ms "2.0.0"

delayed-stream@~1.0.0:
  version "1.0.0"
  resolved "https://registry.yarnpkg.com/delayed-stream/-/delayed-stream-1.0.0.tgz#df3ae199acadfb7d440aaae0b29e2272b24ec619"

directory-tree@^2.0.0:
  version "2.0.0"
  resolved "https://registry.yarnpkg.com/directory-tree/-/directory-tree-2.0.0.tgz#c0a5fa0d642a1b1b7d10351b3c1db429770d8946"

docs-cli@^1.0.25:
  version "1.0.25"
  resolved "https://registry.yarnpkg.com/docs-cli/-/docs-cli-1.0.25.tgz#75ea838ff7470fef5a24028cbb43d9cfc06adde9"
  dependencies:
    cuid "^1.3.8"
    directory-tree "^2.0.0"
    form-data "^2.3.1"
    front-matter "^2.1.2"
    globby "^6.1.0"
    graphql-request "^1.3.4"
    lodash "^4.17.4"
    md5-file "^3.2.2"
    mdast-util-to-string "^1.0.4"
    mdast-util-toc "^2.0.1"
    minimist "^1.2.0"
    remark "^8.0.0"
    remark-stringify "^4.0.0"
    simple-git "^1.75.0"
    source-map-support "^0.4.16"

dom-walk@^0.1.0:
  version "0.1.1"
  resolved "https://registry.yarnpkg.com/dom-walk/-/dom-walk-0.1.1.tgz#672226dc74c8f799ad35307df936aba11acd6018"

"emoji-regex@>=6.0.0 <=6.1.1":
  version "6.1.1"
  resolved "https://registry.yarnpkg.com/emoji-regex/-/emoji-regex-6.1.1.tgz#c6cd0ec1b0642e2a3c67a1137efc5e796da4f88e"

encoding@^0.1.11:
  version "0.1.12"
  resolved "https://registry.yarnpkg.com/encoding/-/encoding-0.1.12.tgz#538b66f3ee62cd1ab51ec323829d1f9480c74beb"
  dependencies:
    iconv-lite "~0.4.13"

esprima@^4.0.0:
  version "4.0.0"
  resolved "https://registry.yarnpkg.com/esprima/-/esprima-4.0.0.tgz#4499eddcd1110e0b218bacf2fa7f7f59f55ca804"

extend@^3.0.0:
  version "3.0.1"
  resolved "https://registry.yarnpkg.com/extend/-/extend-3.0.1.tgz#a755ea7bc1adfcc5a31ce7e762dbaadc5e636444"

form-data@^2.3.1:
  version "2.3.1"
  resolved "https://registry.yarnpkg.com/form-data/-/form-data-2.3.1.tgz#6fb94fbd71885306d73d15cc497fe4cc4ecd44bf"
  dependencies:
    asynckit "^0.4.0"
    combined-stream "^1.0.5"
    mime-types "^2.1.12"

front-matter@^2.1.2:
  version "2.3.0"
  resolved "https://registry.yarnpkg.com/front-matter/-/front-matter-2.3.0.tgz#7203af896ce357ee04e2aa45169ea91ed7f67504"
  dependencies:
    js-yaml "^3.10.0"

fs.realpath@^1.0.0:
  version "1.0.0"
  resolved "https://registry.yarnpkg.com/fs.realpath/-/fs.realpath-1.0.0.tgz#1504ad2523158caa40db4a2787cb01411994ea4f"

github-slugger@^1.1.1:
  version "1.2.0"
  resolved "https://registry.yarnpkg.com/github-slugger/-/github-slugger-1.2.0.tgz#8ada3286fd046d8951c3c952a8d7854cfd90fd9a"
  dependencies:
    emoji-regex ">=6.0.0 <=6.1.1"

glob@^7.0.3:
  version "7.1.2"
  resolved "https://registry.yarnpkg.com/glob/-/glob-7.1.2.tgz#c19c9df9a028702d678612384a6552404c636d15"
  dependencies:
    fs.realpath "^1.0.0"
    inflight "^1.0.4"
    inherits "2"
    minimatch "^3.0.4"
    once "^1.3.0"
    path-is-absolute "^1.0.0"

global@^4.3.2:
  version "4.3.2"
  resolved "https://registry.yarnpkg.com/global/-/global-4.3.2.tgz#e76989268a6c74c38908b1305b10fc0e394e9d0f"
  dependencies:
    min-document "^2.19.0"
    process "~0.5.1"

globby@^6.1.0:
  version "6.1.0"
  resolved "https://registry.yarnpkg.com/globby/-/globby-6.1.0.tgz#f5a6d70e8395e21c858fb0489d64df02424d506c"
  dependencies:
    array-union "^1.0.1"
    glob "^7.0.3"
    object-assign "^4.0.1"
    pify "^2.0.0"
    pinkie-promise "^2.0.0"

graphql-request@^1.3.4:
  version "1.4.0"
  resolved "https://registry.yarnpkg.com/graphql-request/-/graphql-request-1.4.0.tgz#f5b067c83070296d93fb45760e83dfad0d9f537a"
  dependencies:
    cross-fetch "0.0.8"

iconv-lite@~0.4.13:
  version "0.4.19"
  resolved "https://registry.yarnpkg.com/iconv-lite/-/iconv-lite-0.4.19.tgz#f7468f60135f5e5dad3399c0a81be9a1603a082b"

inflight@^1.0.4:
  version "1.0.6"
  resolved "https://registry.yarnpkg.com/inflight/-/inflight-1.0.6.tgz#49bd6331d7d02d0c09bc910a1075ba8165b56df9"
  dependencies:
    once "^1.3.0"
    wrappy "1"

inherits@2, inherits@^2.0.1:
  version "2.0.3"
  resolved "https://registry.yarnpkg.com/inherits/-/inherits-2.0.3.tgz#633c2c83e3da42a502f52466022480f4208261de"

is-alphabetical@^1.0.0:
  version "1.0.1"
  resolved "https://registry.yarnpkg.com/is-alphabetical/-/is-alphabetical-1.0.1.tgz#c77079cc91d4efac775be1034bf2d243f95e6f08"

is-alphanumeric@^1.0.0:
  version "1.0.0"
  resolved "https://registry.yarnpkg.com/is-alphanumeric/-/is-alphanumeric-1.0.0.tgz#4a9cef71daf4c001c1d81d63d140cf53fd6889f4"

is-alphanumerical@^1.0.0:
  version "1.0.1"
  resolved "https://registry.yarnpkg.com/is-alphanumerical/-/is-alphanumerical-1.0.1.tgz#dfb4aa4d1085e33bdb61c2dee9c80e9c6c19f53b"
  dependencies:
    is-alphabetical "^1.0.0"
    is-decimal "^1.0.0"

is-buffer@^1.1.4:
  version "1.1.6"
  resolved "https://registry.yarnpkg.com/is-buffer/-/is-buffer-1.1.6.tgz#efaa2ea9daa0d7ab2ea13a97b2b8ad51fefbe8be"

is-decimal@^1.0.0:
  version "1.0.1"
  resolved "https://registry.yarnpkg.com/is-decimal/-/is-decimal-1.0.1.tgz#f5fb6a94996ad9e8e3761fbfbd091f1fca8c4e82"

is-hexadecimal@^1.0.0:
  version "1.0.1"
  resolved "https://registry.yarnpkg.com/is-hexadecimal/-/is-hexadecimal-1.0.1.tgz#6e084bbc92061fbb0971ec58b6ce6d404e24da69"

is-plain-obj@^1.1.0:
  version "1.1.0"
  resolved "https://registry.yarnpkg.com/is-plain-obj/-/is-plain-obj-1.1.0.tgz#71a50c8429dfca773c92a390a4a03b39fcd51d3e"

is-stream@^1.0.1:
  version "1.1.0"
  resolved "https://registry.yarnpkg.com/is-stream/-/is-stream-1.1.0.tgz#12d4a3dd4e68e0b79ceb8dbc84173ae80d91ca44"

is-whitespace-character@^1.0.0:
  version "1.0.1"
  resolved "https://registry.yarnpkg.com/is-whitespace-character/-/is-whitespace-character-1.0.1.tgz#9ae0176f3282b65457a1992cdb084f8a5f833e3b"

is-word-character@^1.0.0:
  version "1.0.1"
  resolved "https://registry.yarnpkg.com/is-word-character/-/is-word-character-1.0.1.tgz#5a03fa1ea91ace8a6eb0c7cd770eb86d65c8befb"

js-yaml@^3.10.0:
  version "3.10.0"
  resolved "https://registry.yarnpkg.com/js-yaml/-/js-yaml-3.10.0.tgz#2e78441646bd4682e963f22b6e92823c309c62dc"
  dependencies:
    argparse "^1.0.7"
    esprima "^4.0.0"

lodash@^4.17.4:
  version "4.17.4"
  resolved "https://registry.yarnpkg.com/lodash/-/lodash-4.17.4.tgz#78203a4d1c328ae1d86dca6460e369b57f4055ae"

longest-streak@^2.0.1:
  version "2.0.2"
  resolved "https://registry.yarnpkg.com/longest-streak/-/longest-streak-2.0.2.tgz#2421b6ba939a443bb9ffebf596585a50b4c38e2e"

markdown-escapes@^1.0.0:
  version "1.0.1"
  resolved "https://registry.yarnpkg.com/markdown-escapes/-/markdown-escapes-1.0.1.tgz#1994df2d3af4811de59a6714934c2b2292734518"

markdown-table@^1.1.0:
  version "1.1.1"
  resolved "https://registry.yarnpkg.com/markdown-table/-/markdown-table-1.1.1.tgz#4b3dd3a133d1518b8ef0dbc709bf2a1b4824bc8c"

md5-file@^3.2.2:
  version "3.2.3"
  resolved "https://registry.yarnpkg.com/md5-file/-/md5-file-3.2.3.tgz#f9bceb941eca2214a4c0727f5e700314e770f06f"
  dependencies:
    buffer-alloc "^1.1.0"

mdast-util-compact@^1.0.0:
  version "1.0.1"
  resolved "https://registry.yarnpkg.com/mdast-util-compact/-/mdast-util-compact-1.0.1.tgz#cdb5f84e2b6a2d3114df33bd05d9cb32e3c4083a"
  dependencies:
    unist-util-modify-children "^1.0.0"
    unist-util-visit "^1.1.0"

mdast-util-to-string@^1.0.2, mdast-util-to-string@^1.0.4:
  version "1.0.4"
  resolved "https://registry.yarnpkg.com/mdast-util-to-string/-/mdast-util-to-string-1.0.4.tgz#5c455c878c9355f0c1e7f3e8b719cf583691acfb"

mdast-util-toc@^2.0.1:
  version "2.0.1"
  resolved "https://registry.yarnpkg.com/mdast-util-toc/-/mdast-util-toc-2.0.1.tgz#b1d2cb23bfb01f812fa7b55bffe8b0a8bedf6f21"
  dependencies:
    github-slugger "^1.1.1"
    mdast-util-to-string "^1.0.2"
    unist-util-visit "^1.1.0"

mime-db@~1.30.0:
  version "1.30.0"
  resolved "https://registry.yarnpkg.com/mime-db/-/mime-db-1.30.0.tgz#74c643da2dd9d6a45399963465b26d5ca7d71f01"

mime-types@^2.1.12:
  version "2.1.17"
  resolved "https://registry.yarnpkg.com/mime-types/-/mime-types-2.1.17.tgz#09d7a393f03e995a79f8af857b70a9e0ab16557a"
  dependencies:
    mime-db "~1.30.0"

min-document@^2.19.0:
  version "2.19.0"
  resolved "https://registry.yarnpkg.com/min-document/-/min-document-2.19.0.tgz#7bd282e3f5842ed295bb748cdd9f1ffa2c824685"
  dependencies:
    dom-walk "^0.1.0"

minimatch@^3.0.4:
  version "3.0.4"
  resolved "https://registry.yarnpkg.com/minimatch/-/minimatch-3.0.4.tgz#5166e286457f03306064be5497e8dbb0c3d32083"
  dependencies:
    brace-expansion "^1.1.7"

minimist@^1.2.0:
  version "1.2.0"
  resolved "https://registry.yarnpkg.com/minimist/-/minimist-1.2.0.tgz#a35008b20f41383eec1fb914f4cd5df79a264284"

ms@2.0.0:
  version "2.0.0"
  resolved "https://registry.yarnpkg.com/ms/-/ms-2.0.0.tgz#5608aeadfc00be6c2901df5f9861788de0d597c8"

node-fetch@1.7.3:
  version "1.7.3"
  resolved "https://registry.yarnpkg.com/node-fetch/-/node-fetch-1.7.3.tgz#980f6f72d85211a5347c6b2bc18c5b84c3eb47ef"
  dependencies:
    encoding "^0.1.11"
    is-stream "^1.0.1"

node-fingerprint@0.0.2:
  version "0.0.2"
  resolved "https://registry.yarnpkg.com/node-fingerprint/-/node-fingerprint-0.0.2.tgz#31cbabeb71a67ae7dd5a7dc042e51c3c75868501"

object-assign@^4.0.1:
  version "4.1.1"
  resolved "https://registry.yarnpkg.com/object-assign/-/object-assign-4.1.1.tgz#2109adc7965887cfc05cbbd442cac8bfbb360863"

once@^1.3.0:
  version "1.4.0"
  resolved "https://registry.yarnpkg.com/once/-/once-1.4.0.tgz#583b1aa775961d4b113ac17d9c50baef9dd76bd1"
  dependencies:
    wrappy "1"

parse-entities@^1.0.2:
  version "1.1.1"
  resolved "https://registry.yarnpkg.com/parse-entities/-/parse-entities-1.1.1.tgz#8112d88471319f27abae4d64964b122fe4e1b890"
  dependencies:
    character-entities "^1.0.0"
    character-entities-legacy "^1.0.0"
    character-reference-invalid "^1.0.0"
    is-alphanumerical "^1.0.0"
    is-decimal "^1.0.0"
    is-hexadecimal "^1.0.0"

path-is-absolute@^1.0.0:
  version "1.0.1"
  resolved "https://registry.yarnpkg.com/path-is-absolute/-/path-is-absolute-1.0.1.tgz#174b9268735534ffbc7ace6bf53a5a9e1b5c5f5f"

pify@^2.0.0:
  version "2.3.0"
  resolved "https://registry.yarnpkg.com/pify/-/pify-2.3.0.tgz#ed141a6ac043a849ea588498e7dca8b15330e90c"

pinkie-promise@^2.0.0:
  version "2.0.1"
  resolved "https://registry.yarnpkg.com/pinkie-promise/-/pinkie-promise-2.0.1.tgz#2135d6dfa7a358c069ac9b178776288228450ffa"
  dependencies:
    pinkie "^2.0.0"

pinkie@^2.0.0:
  version "2.0.4"
  resolved "https://registry.yarnpkg.com/pinkie/-/pinkie-2.0.4.tgz#72556b80cfa0d48a974e80e77248e80ed4f7f870"

process@~0.5.1:
  version "0.5.2"
  resolved "https://registry.yarnpkg.com/process/-/process-0.5.2.tgz#1638d8a8e34c2f440a91db95ab9aeb677fc185cf"

remark-parse@^4.0.0:
  version "4.0.0"
  resolved "https://registry.yarnpkg.com/remark-parse/-/remark-parse-4.0.0.tgz#99f1f049afac80382366e2e0d0bd55429dd45d8b"
  dependencies:
    collapse-white-space "^1.0.2"
    is-alphabetical "^1.0.0"
    is-decimal "^1.0.0"
    is-whitespace-character "^1.0.0"
    is-word-character "^1.0.0"
    markdown-escapes "^1.0.0"
    parse-entities "^1.0.2"
    repeat-string "^1.5.4"
    state-toggle "^1.0.0"
    trim "0.0.1"
    trim-trailing-lines "^1.0.0"
    unherit "^1.0.4"
    unist-util-remove-position "^1.0.0"
    vfile-location "^2.0.0"
    xtend "^4.0.1"

remark-stringify@^4.0.0:
  version "4.0.0"
  resolved "https://registry.yarnpkg.com/remark-stringify/-/remark-stringify-4.0.0.tgz#4431884c0418f112da44991b4e356cfe37facd87"
  dependencies:
    ccount "^1.0.0"
    is-alphanumeric "^1.0.0"
    is-decimal "^1.0.0"
    is-whitespace-character "^1.0.0"
    longest-streak "^2.0.1"
    markdown-escapes "^1.0.0"
    markdown-table "^1.1.0"
    mdast-util-compact "^1.0.0"
    parse-entities "^1.0.2"
    repeat-string "^1.5.4"
    state-toggle "^1.0.0"
    stringify-entities "^1.0.1"
    unherit "^1.0.4"
    xtend "^4.0.1"

remark@^8.0.0:
  version "8.0.0"
  resolved "https://registry.yarnpkg.com/remark/-/remark-8.0.0.tgz#287b6df2fe1190e263c1d15e486d3fa835594d6d"
  dependencies:
    remark-parse "^4.0.0"
    remark-stringify "^4.0.0"
    unified "^6.0.0"

repeat-string@^1.5.4:
  version "1.6.1"
  resolved "https://registry.yarnpkg.com/repeat-string/-/repeat-string-1.6.1.tgz#8dcae470e1c88abc2d600fff4a776286da75e637"

replace-ext@1.0.0:
  version "1.0.0"
  resolved "https://registry.yarnpkg.com/replace-ext/-/replace-ext-1.0.0.tgz#de63128373fcbf7c3ccfa4de5a480c45a67958eb"

simple-git@^1.75.0:
  version "1.82.0"
  resolved "https://registry.yarnpkg.com/simple-git/-/simple-git-1.82.0.tgz#5fd0efe9c4ee78e5d942f276ac492b32e041a01a"
  dependencies:
    debug "^3.1.0"

source-map-support@^0.4.16:
  version "0.4.18"
  resolved "https://registry.yarnpkg.com/source-map-support/-/source-map-support-0.4.18.tgz#0286a6de8be42641338594e97ccea75f0a2c585f"
  dependencies:
    source-map "^0.5.6"

source-map@^0.5.6:
  version "0.5.7"
  resolved "https://registry.yarnpkg.com/source-map/-/source-map-0.5.7.tgz#8a039d2d1021d22d1ea14c80d8ea468ba2ef3fcc"

sprintf-js@~1.0.2:
  version "1.0.3"
  resolved "https://registry.yarnpkg.com/sprintf-js/-/sprintf-js-1.0.3.tgz#04e6926f662895354f3dd015203633b857297e2c"

state-toggle@^1.0.0:
  version "1.0.0"
  resolved "https://registry.yarnpkg.com/state-toggle/-/state-toggle-1.0.0.tgz#d20f9a616bb4f0c3b98b91922d25b640aa2bc425"

stringify-entities@^1.0.1:
  version "1.3.1"
  resolved "https://registry.yarnpkg.com/stringify-entities/-/stringify-entities-1.3.1.tgz#b150ec2d72ac4c1b5f324b51fb6b28c9cdff058c"
  dependencies:
    character-entities-html4 "^1.0.0"
    character-entities-legacy "^1.0.0"
    is-alphanumerical "^1.0.0"
    is-hexadecimal "^1.0.0"

trim-trailing-lines@^1.0.0:
  version "1.1.0"
  resolved "https://registry.yarnpkg.com/trim-trailing-lines/-/trim-trailing-lines-1.1.0.tgz#7aefbb7808df9d669f6da2e438cac8c46ada7684"

trim@0.0.1:
  version "0.0.1"
  resolved "https://registry.yarnpkg.com/trim/-/trim-0.0.1.tgz#5858547f6b290757ee95cccc666fb50084c460dd"

trough@^1.0.0:
  version "1.0.1"
  resolved "https://registry.yarnpkg.com/trough/-/trough-1.0.1.tgz#a9fd8b0394b0ae8fff82e0633a0a36ccad5b5f86"

unherit@^1.0.4:
  version "1.1.0"
  resolved "https://registry.yarnpkg.com/unherit/-/unherit-1.1.0.tgz#6b9aaedfbf73df1756ad9e316dd981885840cd7d"
  dependencies:
    inherits "^2.0.1"
    xtend "^4.0.1"

unified@^6.0.0:
  version "6.1.6"
  resolved "https://registry.yarnpkg.com/unified/-/unified-6.1.6.tgz#5ea7f807a0898f1f8acdeefe5f25faa010cc42b1"
  dependencies:
    bail "^1.0.0"
    extend "^3.0.0"
    is-plain-obj "^1.1.0"
    trough "^1.0.0"
    vfile "^2.0.0"
    x-is-function "^1.0.4"
    x-is-string "^0.1.0"

unist-util-is@^2.1.1:
  version "2.1.1"
  resolved "https://registry.yarnpkg.com/unist-util-is/-/unist-util-is-2.1.1.tgz#0c312629e3f960c66e931e812d3d80e77010947b"

unist-util-modify-children@^1.0.0:
  version "1.1.1"
  resolved "https://registry.yarnpkg.com/unist-util-modify-children/-/unist-util-modify-children-1.1.1.tgz#66d7e6a449e6f67220b976ab3cb8b5ebac39e51d"
  dependencies:
    array-iterate "^1.0.0"

unist-util-remove-position@^1.0.0:
  version "1.1.1"
  resolved "https://registry.yarnpkg.com/unist-util-remove-position/-/unist-util-remove-position-1.1.1.tgz#5a85c1555fc1ba0c101b86707d15e50fa4c871bb"
  dependencies:
    unist-util-visit "^1.1.0"

unist-util-stringify-position@^1.0.0, unist-util-stringify-position@^1.1.1:
  version "1.1.1"
  resolved "https://registry.yarnpkg.com/unist-util-stringify-position/-/unist-util-stringify-position-1.1.1.tgz#3ccbdc53679eed6ecf3777dd7f5e3229c1b6aa3c"

unist-util-visit@^1.1.0:
  version "1.2.0"
  resolved "https://registry.yarnpkg.com/unist-util-visit/-/unist-util-visit-1.2.0.tgz#9dc78d1f95cd242e865f7f93f327d3296bb9a718"
  dependencies:
    unist-util-is "^2.1.1"

vfile-location@^2.0.0:
  version "2.0.2"
  resolved "https://registry.yarnpkg.com/vfile-location/-/vfile-location-2.0.2.tgz#d3675c59c877498e492b4756ff65e4af1a752255"

vfile-message@^1.0.0:
  version "1.0.0"
  resolved "https://registry.yarnpkg.com/vfile-message/-/vfile-message-1.0.0.tgz#a6adb0474ea400fa25d929f1d673abea6a17e359"
  dependencies:
    unist-util-stringify-position "^1.1.1"

vfile@^2.0.0:
  version "2.3.0"
  resolved "https://registry.yarnpkg.com/vfile/-/vfile-2.3.0.tgz#e62d8e72b20e83c324bc6c67278ee272488bf84a"
  dependencies:
    is-buffer "^1.1.4"
    replace-ext "1.0.0"
    unist-util-stringify-position "^1.0.0"
    vfile-message "^1.0.0"

whatwg-fetch@2.0.3:
  version "2.0.3"
  resolved "https://registry.yarnpkg.com/whatwg-fetch/-/whatwg-fetch-2.0.3.tgz#9c84ec2dcf68187ff00bc64e1274b442176e1c84"

wrappy@1:
  version "1.0.2"
  resolved "https://registry.yarnpkg.com/wrappy/-/wrappy-1.0.2.tgz#b5243d8f3ec1aa35f1364605bc0d1036e30ab69f"

x-is-function@^1.0.4:
  version "1.0.4"
  resolved "https://registry.yarnpkg.com/x-is-function/-/x-is-function-1.0.4.tgz#5d294dc3d268cbdd062580e0c5df77a391d1fa1e"

x-is-string@^0.1.0:
  version "0.1.0"
  resolved "https://registry.yarnpkg.com/x-is-string/-/x-is-string-0.1.0.tgz#474b50865af3a49a9c4657f05acd145458f77d82"

xtend@^4.0.1:
  version "4.0.1"
  resolved "https://registry.yarnpkg.com/xtend/-/xtend-4.0.1.tgz#a5c6d532be656e23db820efb943a1f04998d63af"
