# THIS IS AN AUTOGENERATED FILE. DO NOT EDIT THIS FILE DIRECTLY.
# yarn lockfile v1


"@babel/runtime@^7.0.0-beta.37":
  version "7.0.0-beta.38"
  resolved "https://registry.yarnpkg.com/@babel/runtime/-/runtime-7.0.0-beta.38.tgz#8b7f16245b1f86fc168a1846ab6d77a238f6d16c"
  dependencies:
    core-js "^2.4.0"
    regenerator-runtime "^0.11.1"

"@types/body-parser@*":
  version "1.16.8"
  resolved "https://registry.yarnpkg.com/@types/body-parser/-/body-parser-1.16.8.tgz#687ec34140624a3bec2b1a8ea9268478ae8f3be3"
  dependencies:
    "@types/express" "*"
    "@types/node" "*"

"@types/cors@^2.8.3":
  version "2.8.3"
  resolved "https://registry.yarnpkg.com/@types/cors/-/cors-2.8.3.tgz#eaf6e476da0d36bee6b061a24d57e343ddce86d6"
  dependencies:
    "@types/express" "*"

"@types/events@*":
  version "1.1.0"
  resolved "https://registry.yarnpkg.com/@types/events/-/events-1.1.0.tgz#93b1be91f63c184450385272c47b6496fd028e02"

"@types/express-serve-static-core@*":
  version "4.11.1"
  resolved "https://registry.yarnpkg.com/@types/express-serve-static-core/-/express-serve-static-core-4.11.1.tgz#f6f7212382d59b19d696677bcaa48a37280f5d45"
  dependencies:
    "@types/events" "*"
    "@types/node" "*"

"@types/express@*", "@types/express@^4.0.39":
  version "4.11.0"
  resolved "https://registry.yarnpkg.com/@types/express/-/express-4.11.0.tgz#234d65280af917cb290634b7a8d6bcac24aecbad"
  dependencies:
    "@types/body-parser" "*"
    "@types/express-serve-static-core" "*"
    "@types/serve-static" "*"

"@types/graphql@^0.11.7":
  version "0.11.8"
  resolved "https://registry.yarnpkg.com/@types/graphql/-/graphql-0.11.8.tgz#53ff3604e99db810dd43347f19fcd1c59725a7bb"

"@types/mime@*":
  version "2.0.0"
  resolved "https://registry.yarnpkg.com/@types/mime/-/mime-2.0.0.tgz#5a7306e367c539b9f6543499de8dd519fac37a8b"

"@types/node@*":
  version "9.3.0"
  resolved "https://registry.yarnpkg.com/@types/node/-/node-9.3.0.tgz#3a129cda7c4e5df2409702626892cb4b96546dd5"

"@types/serve-static@*":
  version "1.13.1"
  resolved "https://registry.yarnpkg.com/@types/serve-static/-/serve-static-1.13.1.tgz#1d2801fa635d274cd97d4ec07e26b21b44127492"
  dependencies:
    "@types/express-serve-static-core" "*"
    "@types/mime" "*"

"@types/zen-observable@0.5.3", "@types/zen-observable@^0.5.3":
  version "0.5.3"
  resolved "https://registry.yarnpkg.com/@types/zen-observable/-/zen-observable-0.5.3.tgz#91b728599544efbb7386d8b6633693a3c2e7ade5"

accepts@~1.3.4:
  version "1.3.4"
  resolved "https://registry.yarnpkg.com/accepts/-/accepts-1.3.4.tgz#86246758c7dd6d21a6474ff084a4740ec05eb21f"
  dependencies:
    mime-types "~2.1.16"
    negotiator "0.6.1"

ajv@^5.5.1:
  version "5.5.2"
  resolved "https://registry.yarnpkg.com/ajv/-/ajv-5.5.2.tgz#73b5eeca3fab653e3d3f9422b341ad42205dc965"
  dependencies:
    co "^4.6.0"
    fast-deep-equal "^1.0.0"
    fast-json-stable-stringify "^2.0.0"
    json-schema-traverse "^0.3.0"

apollo-cache-control@^0.0.x:
  version "0.0.9"
  resolved "https://registry.yarnpkg.com/apollo-cache-control/-/apollo-cache-control-0.0.9.tgz#77100f456fb19526d33b7f595c8ab1a2980dcbb4"
  dependencies:
    graphql-extensions "^0.0.x"

apollo-link-error@1.0.3:
  version "1.0.3"
  resolved "https://registry.yarnpkg.com/apollo-link-error/-/apollo-link-error-1.0.3.tgz#2c679d2e6a2df09a9ae3f70d23c64af922a801a2"
  dependencies:
    apollo-link "^1.0.6"

apollo-link-http@1.3.2:
  version "1.3.2"
  resolved "https://registry.yarnpkg.com/apollo-link-http/-/apollo-link-http-1.3.2.tgz#63537ee5ecf9c004efb0317f1222b7dbc6f21559"
  dependencies:
    apollo-link "^1.0.7"

apollo-link-ws@1.0.4:
  version "1.0.4"
  resolved "https://registry.yarnpkg.com/apollo-link-ws/-/apollo-link-ws-1.0.4.tgz#d0067aa0204470dbd3955aa5204f8dd72d389350"
  dependencies:
    apollo-link "^1.0.7"

apollo-link@1.0.7, apollo-link@^1.0.0, apollo-link@^1.0.6, apollo-link@^1.0.7:
  version "1.0.7"
  resolved "https://registry.yarnpkg.com/apollo-link/-/apollo-link-1.0.7.tgz#42cd38a7378332fc3e41a214ff6a6e5e703a556f"
  dependencies:
    "@types/zen-observable" "0.5.3"
    apollo-utilities "^1.0.0"
    zen-observable "^0.6.0"

apollo-server-core@^1.3.2:
  version "1.3.2"
  resolved "https://registry.yarnpkg.com/apollo-server-core/-/apollo-server-core-1.3.2.tgz#f36855a3ebdc2d77b8b9c454380bf1d706105ffc"
  dependencies:
    apollo-cache-control "^0.0.x"
    apollo-tracing "^0.1.0"
    graphql-extensions "^0.0.x"

apollo-server-express@^1.3.2:
  version "1.3.2"
  resolved "https://registry.yarnpkg.com/apollo-server-express/-/apollo-server-express-1.3.2.tgz#0ff8201c0bf362804a151e1399767dae6ab7e309"
  dependencies:
    apollo-server-core "^1.3.2"
    apollo-server-module-graphiql "^1.3.0"

apollo-server-lambda@1.3.2:
  version "1.3.2"
  resolved "https://registry.yarnpkg.com/apollo-server-lambda/-/apollo-server-lambda-1.3.2.tgz#bcf75f3d7115d11cc9892ad3b17427b3d536df0f"
  dependencies:
    apollo-server-core "^1.3.2"
    apollo-server-module-graphiql "^1.3.0"

apollo-server-module-graphiql@^1.3.0:
  version "1.3.2"
  resolved "https://registry.yarnpkg.com/apollo-server-module-graphiql/-/apollo-server-module-graphiql-1.3.2.tgz#0a9e4c48dece3af904fee333f95f7b9817335ca7"

apollo-tracing@^0.1.0:
  version "0.1.3"
  resolved "https://registry.yarnpkg.com/apollo-tracing/-/apollo-tracing-0.1.3.tgz#6820c066bf20f9d9a4eddfc023f7c83ee2601f0b"
  dependencies:
    graphql-extensions "^0.0.x"

apollo-upload-server@^4.0.0-alpha.1:
  version "4.0.0-alpha.3"
  resolved "https://registry.yarnpkg.com/apollo-upload-server/-/apollo-upload-server-4.0.0-alpha.3.tgz#bdb174021042c97f2eea887964188bc1696c1b36"
  dependencies:
    "@babel/runtime" "^7.0.0-beta.37"
    busboy "^0.2.14"
    object-path "^0.11.4"

apollo-utilities@^1.0.0, apollo-utilities@^1.0.1:
  version "1.0.4"
  resolved "https://registry.yarnpkg.com/apollo-utilities/-/apollo-utilities-1.0.4.tgz#560009ea5541b9fdc4ee07ebb1714ee319a76c15"

argparse@^1.0.7:
  version "1.0.9"
  resolved "https://registry.yarnpkg.com/argparse/-/argparse-1.0.9.tgz#73d83bc263f86e97f8cc4f6bae1b0e90a7d22c86"
  dependencies:
    sprintf-js "~1.0.2"

array-flatten@1.1.1:
  version "1.1.1"
  resolved "https://registry.yarnpkg.com/array-flatten/-/array-flatten-1.1.1.tgz#9a5f699051b1e7073328f2a008968b64ea2955d2"

async-limiter@~1.0.0:
  version "1.0.0"
  resolved "https://registry.yarnpkg.com/async-limiter/-/async-limiter-1.0.0.tgz#78faed8c3d074ab81f22b4e985d79e8738f720f8"

async@^1.5.2:
  version "1.5.2"
  resolved "https://registry.yarnpkg.com/async/-/async-1.5.2.tgz#ec6a61ae56480c0c3cb241c95618e20892f9672a"

backo2@^1.0.2:
  version "1.0.2"
  resolved "https://registry.yarnpkg.com/backo2/-/backo2-1.0.2.tgz#31ab1ac8b129363463e35b3ebb69f4dfcfba7947"

balanced-match@^1.0.0:
  version "1.0.0"
  resolved "https://registry.yarnpkg.com/balanced-match/-/balanced-match-1.0.0.tgz#89b4d199ab2bee49de164ea02b89ce462d71b767"

base64url@2.0.0, base64url@^2.0.0:
  version "2.0.0"
  resolved "https://registry.yarnpkg.com/base64url/-/base64url-2.0.0.tgz#eac16e03ea1438eff9423d69baa36262ed1f70bb"

bluebird@^3.5.1:
  version "3.5.1"
  resolved "https://registry.yarnpkg.com/bluebird/-/bluebird-3.5.1.tgz#d9551f9de98f1fcda1e683d17ee91a0602ee2eb9"

body-parser-graphql@1.0.0:
  version "1.0.0"
  resolved "https://registry.yarnpkg.com/body-parser-graphql/-/body-parser-graphql-1.0.0.tgz#997de1792ed222cbc4845d404f4549eb88ec6d37"
  dependencies:
    body-parser "^1.18.2"

body-parser@1.18.2, body-parser@^1.18.2:
  version "1.18.2"
  resolved "https://registry.yarnpkg.com/body-parser/-/body-parser-1.18.2.tgz#87678a19d84b47d859b83199bd59bce222b10454"
  dependencies:
    bytes "3.0.0"
    content-type "~1.0.4"
    debug "2.6.9"
    depd "~1.1.1"
    http-errors "~1.6.2"
    iconv-lite "0.4.19"
    on-finished "~2.3.0"
    qs "6.5.1"
    raw-body "2.3.2"
    type-is "~1.6.15"

brace-expansion@^1.1.7:
  version "1.1.8"
  resolved "https://registry.yarnpkg.com/brace-expansion/-/brace-expansion-1.1.8.tgz#c07b211c7c952ec1f8efd51a77ef0d1d3990a292"
  dependencies:
    balanced-match "^1.0.0"
    concat-map "0.0.1"

buffer-equal-constant-time@1.0.1:
  version "1.0.1"
  resolved "https://registry.yarnpkg.com/buffer-equal-constant-time/-/buffer-equal-constant-time-1.0.1.tgz#f8e71132f7ffe6e01a5c9697a4c6f3e48d5cc819"

busboy@^0.2.14:
  version "0.2.14"
  resolved "https://registry.yarnpkg.com/busboy/-/busboy-0.2.14.tgz#6c2a622efcf47c57bbbe1e2a9c37ad36c7925453"
  dependencies:
    dicer "0.2.5"
    readable-stream "1.1.x"

bytes@3.0.0:
  version "3.0.0"
  resolved "https://registry.yarnpkg.com/bytes/-/bytes-3.0.0.tgz#d32815404d689699f85a4ea4fa8755dd13a96048"

co@^4.6.0:
  version "4.6.0"
  resolved "https://registry.yarnpkg.com/co/-/co-4.6.0.tgz#6ea6bdf3d853ae54ccb8e47bfa0bf3f9031fb184"

concat-map@0.0.1:
  version "0.0.1"
  resolved "https://registry.yarnpkg.com/concat-map/-/concat-map-0.0.1.tgz#d8a96bd77fd68df7793a73036a3ba0d5405d477b"

content-disposition@0.5.2:
  version "0.5.2"
  resolved "https://registry.yarnpkg.com/content-disposition/-/content-disposition-0.5.2.tgz#0cf68bb9ddf5f2be7961c3a85178cb85dba78cb4"

content-type@~1.0.4:
  version "1.0.4"
  resolved "https://registry.yarnpkg.com/content-type/-/content-type-1.0.4.tgz#e138cc75e040c727b1966fe5e5f8c9aee256fe3b"

cookie-signature@1.0.6:
  version "1.0.6"
  resolved "https://registry.yarnpkg.com/cookie-signature/-/cookie-signature-1.0.6.tgz#e303a882b342cc3ee8ca513a79999734dab3ae2c"

cookie@0.3.1:
  version "0.3.1"
  resolved "https://registry.yarnpkg.com/cookie/-/cookie-0.3.1.tgz#e7e0a1f9ef43b4c8ba925c5c5a96e806d16873bb"

core-js@^2.4.0, core-js@^2.5.3:
  version "2.5.3"
  resolved "https://registry.yarnpkg.com/core-js/-/core-js-2.5.3.tgz#8acc38345824f16d8365b7c9b4259168e8ed603e"

core-util-is@~1.0.0:
  version "1.0.2"
  resolved "https://registry.yarnpkg.com/core-util-is/-/core-util-is-1.0.2.tgz#b5fd54220aa2bc5ab57aab7140c940754503c1a7"

cors@^2.8.4:
  version "2.8.4"
  resolved "https://registry.yarnpkg.com/cors/-/cors-2.8.4.tgz#2bd381f2eb201020105cd50ea59da63090694686"
  dependencies:
    object-assign "^4"
    vary "^1"

cross-fetch@1.1.1:
  version "1.1.1"
  resolved "https://registry.yarnpkg.com/cross-fetch/-/cross-fetch-1.1.1.tgz#dede6865ae30f37eae62ac90ebb7bdac002b05a0"
  dependencies:
    node-fetch "1.7.3"
    whatwg-fetch "2.0.3"

debug@2.6.9, debug@^2.2.0:
  version "2.6.9"
  resolved "https://registry.yarnpkg.com/debug/-/debug-2.6.9.tgz#5d128515df134ff327e90a4c93f4e077a536341f"
  dependencies:
    ms "2.0.0"

debug@^3.1.0:
  version "3.1.0"
  resolved "https://registry.yarnpkg.com/debug/-/debug-3.1.0.tgz#5bb5a0672628b64149566ba16819e61518c67261"
  dependencies:
    ms "2.0.0"

depd@1.1.1:
  version "1.1.1"
  resolved "https://registry.yarnpkg.com/depd/-/depd-1.1.1.tgz#5783b4e1c459f06fa5ca27f991f3d06e7a310359"

depd@~1.1.1:
  version "1.1.2"
  resolved "https://registry.yarnpkg.com/depd/-/depd-1.1.2.tgz#9bcd52e14c097763e749b274c4346ed2e560b5a9"

deprecated-decorator@^0.1.6:
  version "0.1.6"
  resolved "https://registry.yarnpkg.com/deprecated-decorator/-/deprecated-decorator-0.1.6.tgz#00966317b7a12fe92f3cc831f7583af329b86c37"

destroy@~1.0.4:
  version "1.0.4"
  resolved "https://registry.yarnpkg.com/destroy/-/destroy-1.0.4.tgz#978857442c44749e4206613e37946205826abd80"

dicer@0.2.5:
  version "0.2.5"
  resolved "https://registry.yarnpkg.com/dicer/-/dicer-0.2.5.tgz#5996c086bb33218c812c090bddc09cd12facb70f"
  dependencies:
    readable-stream "1.1.x"
    streamsearch "0.1.2"

dotenv@^4.0.0:
  version "4.0.0"
  resolved "https://registry.yarnpkg.com/dotenv/-/dotenv-4.0.0.tgz#864ef1379aced55ce6f95debecdce179f7a0cd1d"

ecdsa-sig-formatter@1.0.9:
  version "1.0.9"
  resolved "https://registry.yarnpkg.com/ecdsa-sig-formatter/-/ecdsa-sig-formatter-1.0.9.tgz#4bc926274ec3b5abb5016e7e1d60921ac262b2a1"
  dependencies:
    base64url "^2.0.0"
    safe-buffer "^5.0.1"

ee-first@1.1.1:
  version "1.1.1"
  resolved "https://registry.yarnpkg.com/ee-first/-/ee-first-1.1.1.tgz#590c61156b0ae2f4f0255732a158b266bc56b21d"

encodeurl@~1.0.1:
  version "1.0.2"
  resolved "https://registry.yarnpkg.com/encodeurl/-/encodeurl-1.0.2.tgz#ad3ff4c86ec2d029322f5a02c3a9a606c95b3f59"

encoding@^0.1.11:
  version "0.1.12"
  resolved "https://registry.yarnpkg.com/encoding/-/encoding-0.1.12.tgz#538b66f3ee62cd1ab51ec323829d1f9480c74beb"
  dependencies:
    iconv-lite "~0.4.13"

es6-promise@^4.1.1:
  version "4.2.2"
  resolved "https://registry.yarnpkg.com/es6-promise/-/es6-promise-4.2.2.tgz#f722d7769af88bd33bc13ec6605e1f92966b82d9"

escape-html@~1.0.3:
  version "1.0.3"
  resolved "https://registry.yarnpkg.com/escape-html/-/escape-html-1.0.3.tgz#0258eae4d3d0c0974de1c169188ef0051d1d1988"

esprima@^4.0.0:
  version "4.0.0"
  resolved "https://registry.yarnpkg.com/esprima/-/esprima-4.0.0.tgz#4499eddcd1110e0b218bacf2fa7f7f59f55ca804"

etag@~1.8.1:
  version "1.8.1"
  resolved "https://registry.yarnpkg.com/etag/-/etag-1.8.1.tgz#41ae2eeb65efa62268aebfea83ac7d79299b0887"

eventemitter3@^2.0.3:
  version "2.0.3"
  resolved "https://registry.yarnpkg.com/eventemitter3/-/eventemitter3-2.0.3.tgz#b5e1079b59fb5e1ba2771c0a993be060a58c99ba"

express@^4.16.2:
  version "4.16.2"
  resolved "https://registry.yarnpkg.com/express/-/express-4.16.2.tgz#e35c6dfe2d64b7dca0a5cd4f21781be3299e076c"
  dependencies:
    accepts "~1.3.4"
    array-flatten "1.1.1"
    body-parser "1.18.2"
    content-disposition "0.5.2"
    content-type "~1.0.4"
    cookie "0.3.1"
    cookie-signature "1.0.6"
    debug "2.6.9"
    depd "~1.1.1"
    encodeurl "~1.0.1"
    escape-html "~1.0.3"
    etag "~1.8.1"
    finalhandler "1.1.0"
    fresh "0.5.2"
    merge-descriptors "1.0.1"
    methods "~1.1.2"
    on-finished "~2.3.0"
    parseurl "~1.3.2"
    path-to-regexp "0.1.7"
    proxy-addr "~2.0.2"
    qs "6.5.1"
    range-parser "~1.2.0"
    safe-buffer "5.1.1"
    send "0.16.1"
    serve-static "1.13.1"
    setprototypeof "1.1.0"
    statuses "~1.3.1"
    type-is "~1.6.15"
    utils-merge "1.0.1"
    vary "~1.1.2"

fast-deep-equal@^1.0.0:
  version "1.0.0"
  resolved "https://registry.yarnpkg.com/fast-deep-equal/-/fast-deep-equal-1.0.0.tgz#96256a3bc975595eb36d82e9929d060d893439ff"

fast-json-stable-stringify@^2.0.0:
  version "2.0.0"
  resolved "https://registry.yarnpkg.com/fast-json-stable-stringify/-/fast-json-stable-stringify-2.0.0.tgz#d5142c0caee6b1189f87d3a76111064f86c8bbf2"

finalhandler@1.1.0:
  version "1.1.0"
  resolved "https://registry.yarnpkg.com/finalhandler/-/finalhandler-1.1.0.tgz#ce0b6855b45853e791b2fcc680046d88253dd7f5"
  dependencies:
    debug "2.6.9"
    encodeurl "~1.0.1"
    escape-html "~1.0.3"
    on-finished "~2.3.0"
    parseurl "~1.3.2"
    statuses "~1.3.1"
    unpipe "~1.0.0"

forwarded@~0.1.2:
  version "0.1.2"
  resolved "https://registry.yarnpkg.com/forwarded/-/forwarded-0.1.2.tgz#98c23dab1175657b8c0573e8ceccd91b0ff18c84"

fresh@0.5.2:
  version "0.5.2"
  resolved "https://registry.yarnpkg.com/fresh/-/fresh-0.5.2.tgz#3d8cadd90d976569fa835ab1f8e4b23a105605a7"

fs-extra@^4.0.3:
  version "4.0.3"
  resolved "https://registry.yarnpkg.com/fs-extra/-/fs-extra-4.0.3.tgz#0d852122e5bc5beb453fb028e9c0c9bf36340c94"
  dependencies:
    graceful-fs "^4.1.2"
    jsonfile "^4.0.0"
    universalify "^0.1.0"

graceful-fs@^4.1.2, graceful-fs@^4.1.6:
  version "4.1.11"
  resolved "https://registry.yarnpkg.com/graceful-fs/-/graceful-fs-4.1.11.tgz#0e8bdfe4d1ddb8854d64e04ea7c00e2a026e5658"

graphcool-json-schema@1.2.0:
  version "1.2.0"
  resolved "https://registry.yarnpkg.com/graphcool-json-schema/-/graphcool-json-schema-1.2.0.tgz#6c7a9de36a130c5048fa8d9817dff2b5a88bc226"

graphcool-yml@0.4.8:
  version "0.4.8"
  resolved "https://registry.yarnpkg.com/graphcool-yml/-/graphcool-yml-0.4.8.tgz#c1e70a88ccc8b8eea81fb80b7c369a2b734240b9"
  dependencies:
    ajv "^5.5.1"
    bluebird "^3.5.1"
    debug "^3.1.0"
    dotenv "^4.0.0"
    fs-extra "^4.0.3"
    graphcool-json-schema "1.2.0"
    isomorphic-fetch "^2.2.1"
    js-yaml "^3.10.0"
    json-stable-stringify "^1.0.1"
    jsonwebtoken "^8.1.0"
    lodash "^4.17.4"
    replaceall "^0.1.6"
    scuid "^1.0.2"
    yaml-ast-parser "^0.0.40"

graphql-binding@1.2.0:
  version "1.2.0"
  resolved "https://registry.yarnpkg.com/graphql-binding/-/graphql-binding-1.2.0.tgz#0876318735fb469631586d7721a2189eff7a8532"
  dependencies:
    graphql "0.12.3"
    graphql-tools "2.18.0"
    iterall "1.1.3"

graphql-config-extension-graphcool@1.0.4:
  version "1.0.4"
  resolved "https://registry.yarnpkg.com/graphql-config-extension-graphcool/-/graphql-config-extension-graphcool-1.0.4.tgz#9346aace7e42688e35e4bd44039117608916aad0"
  dependencies:
    graphcool-yml "0.4.8"
    graphql-config "^1.1.4"

graphql-config@1.1.7, graphql-config@^1.1.1, graphql-config@^1.1.4:
  version "1.1.7"
  resolved "https://registry.yarnpkg.com/graphql-config/-/graphql-config-1.1.7.tgz#546c443d3ad877ceb8e13f40fbc8937af0d35dbe"
  dependencies:
    graphql "^0.12.3"
    graphql-import "^0.4.0"
    graphql-request "^1.4.0"
    js-yaml "^3.10.0"
    minimatch "^3.0.4"

graphql-extensions@^0.0.x:
  version "0.0.7"
  resolved "https://registry.yarnpkg.com/graphql-extensions/-/graphql-extensions-0.0.7.tgz#807e7c3493da45e8f8fd02c0da771a9b3f1f2d1a"
  dependencies:
    core-js "^2.5.3"
    source-map-support "^0.5.1"

graphql-import@0.3.1, graphql-import@^0.3.0:
  version "0.3.1"
  resolved "https://registry.yarnpkg.com/graphql-import/-/graphql-import-0.3.1.tgz#953f31323e851b5246602ea8e3d36a95b8fc47b5"
  dependencies:
    graphql "^0.12.3"
    lodash "^4.17.4"

graphql-import@^0.4.0:
  version "0.4.1"
  resolved "https://registry.yarnpkg.com/graphql-import/-/graphql-import-0.4.1.tgz#ef1c047d6250bc8c009b12b64c26924ac4f4716c"
  dependencies:
    graphql "^0.12.3"
    lodash "^4.17.4"

graphql-playground-html@1.4.3:
  version "1.4.3"
  resolved "https://registry.yarnpkg.com/graphql-playground-html/-/graphql-playground-html-1.4.3.tgz#e31c48bc43b6c4f4c7a96182bafa436f16a20376"
  dependencies:
    dotenv "^4.0.0"
    graphql-config "^1.1.1"
    graphql-config-extension-graphcool "1.0.4"

graphql-playground-html@^1.3.6:
  version "1.5.2"
  resolved "https://registry.yarnpkg.com/graphql-playground-html/-/graphql-playground-html-1.5.2.tgz#ccd97ac1960cfb1872b314bafb1957e7a6df7984"
  dependencies:
    graphql-config "1.1.7"

graphql-playground-middleware-express@1.4.8:
  version "1.4.8"
  resolved "https://registry.yarnpkg.com/graphql-playground-middleware-express/-/graphql-playground-middleware-express-1.4.8.tgz#b2c4303e4929ca5f1cef78153c9ef597f4fd8b61"
  dependencies:
    graphql-playground-html "1.4.3"

graphql-playground-middleware-lambda@1.3.9:
  version "1.3.9"
  resolved "https://registry.yarnpkg.com/graphql-playground-middleware-lambda/-/graphql-playground-middleware-lambda-1.3.9.tgz#29109890f396b71161f79d5c83c8a0af8dc4f8b6"
  dependencies:
    graphql-playground-html "^1.3.6"

graphql-request@^1.4.0:
  version "1.4.1"
  resolved "https://registry.yarnpkg.com/graphql-request/-/graphql-request-1.4.1.tgz#0772743cfac8dfdd4d69d36106a96c9bdd191ce8"
  dependencies:
    cross-fetch "1.1.1"

graphql-subscriptions@^0.5.6:
  version "0.5.6"
  resolved "https://registry.yarnpkg.com/graphql-subscriptions/-/graphql-subscriptions-0.5.6.tgz#0d8e960fbaaf9ecbe7900366e86da2fc143fc5b2"
  dependencies:
    es6-promise "^4.1.1"
    iterall "^1.1.3"

graphql-tools@2.18.0, graphql-tools@^2.16.0:
  version "2.18.0"
  resolved "https://registry.yarnpkg.com/graphql-tools/-/graphql-tools-2.18.0.tgz#8e2d6436f9adba1d579c1a1710ae95e7f5e7248b"
  dependencies:
    apollo-link "^1.0.0"
    apollo-utilities "^1.0.1"
    deprecated-decorator "^0.1.6"
    graphql-subscriptions "^0.5.6"
    uuid "^3.1.0"

graphql-yoga@1.1.5:
  version "1.1.5"
  resolved "https://registry.yarnpkg.com/graphql-yoga/-/graphql-yoga-1.1.5.tgz#9c3c2c95ca8b73ec31ea13392c5f11ed65a0383b"
  dependencies:
    "@types/cors" "^2.8.3"
    "@types/express" "^4.0.39"
    "@types/graphql" "^0.11.7"
    "@types/zen-observable" "^0.5.3"
    apollo-link "^1.0.7"
    apollo-server-express "^1.3.2"
    apollo-server-lambda "1.3.2"
    apollo-upload-server "^4.0.0-alpha.1"
    body-parser-graphql "1.0.0"
    cors "^2.8.4"
    express "^4.16.2"
    graphql "^0.12.0"
    graphql-import "^0.3.0"
    graphql-playground-middleware-express "1.4.8"
    graphql-playground-middleware-lambda "1.3.9"
    graphql-subscriptions "^0.5.6"
    graphql-tools "^2.16.0"
    portfinder "^1.0.13"
    subscriptions-transport-ws "^0.9.4"

graphql@0.12.3, graphql@^0.12.0, graphql@^0.12.3:
  version "0.12.3"
  resolved "https://registry.yarnpkg.com/graphql/-/graphql-0.12.3.tgz#11668458bbe28261c0dcb6e265f515ba79f6ce07"
  dependencies:
    iterall "1.1.3"

http-errors@1.6.2, http-errors@~1.6.2:
  version "1.6.2"
  resolved "https://registry.yarnpkg.com/http-errors/-/http-errors-1.6.2.tgz#0a002cc85707192a7e7946ceedc11155f60ec736"
  dependencies:
    depd "1.1.1"
    inherits "2.0.3"
    setprototypeof "1.0.3"
    statuses ">= 1.3.1 < 2"

iconv-lite@0.4.19, iconv-lite@~0.4.13:
  version "0.4.19"
  resolved "https://registry.yarnpkg.com/iconv-lite/-/iconv-lite-0.4.19.tgz#f7468f60135f5e5dad3399c0a81be9a1603a082b"

inherits@2.0.3, inherits@~2.0.1:
  version "2.0.3"
  resolved "https://registry.yarnpkg.com/inherits/-/inherits-2.0.3.tgz#633c2c83e3da42a502f52466022480f4208261de"

ipaddr.js@1.5.2:
  version "1.5.2"
  resolved "https://registry.yarnpkg.com/ipaddr.js/-/ipaddr.js-1.5.2.tgz#d4b505bde9946987ccf0fc58d9010ff9607e3fa0"

is-stream@^1.0.1:
  version "1.1.0"
  resolved "https://registry.yarnpkg.com/is-stream/-/is-stream-1.1.0.tgz#12d4a3dd4e68e0b79ceb8dbc84173ae80d91ca44"

isarray@0.0.1:
  version "0.0.1"
  resolved "https://registry.yarnpkg.com/isarray/-/isarray-0.0.1.tgz#8a18acfca9a8f4177e09abfc6038939b05d1eedf"

isomorphic-fetch@^2.2.1:
  version "2.2.1"
  resolved "https://registry.yarnpkg.com/isomorphic-fetch/-/isomorphic-fetch-2.2.1.tgz#611ae1acf14f5e81f729507472819fe9733558a9"
  dependencies:
    node-fetch "^1.0.1"
    whatwg-fetch ">=0.10.0"

iterall@1.1.3, iterall@^1.1.1, iterall@^1.1.3:
  version "1.1.3"
  resolved "https://registry.yarnpkg.com/iterall/-/iterall-1.1.3.tgz#1cbbff96204056dde6656e2ed2e2226d0e6d72c9"

js-yaml@^3.10.0:
  version "3.10.0"
  resolved "https://registry.yarnpkg.com/js-yaml/-/js-yaml-3.10.0.tgz#2e78441646bd4682e963f22b6e92823c309c62dc"
  dependencies:
    argparse "^1.0.7"
    esprima "^4.0.0"

json-schema-traverse@^0.3.0:
  version "0.3.1"
  resolved "https://registry.yarnpkg.com/json-schema-traverse/-/json-schema-traverse-0.3.1.tgz#349a6d44c53a51de89b40805c5d5e59b417d3340"

json-stable-stringify@^1.0.1:
  version "1.0.1"
  resolved "https://registry.yarnpkg.com/json-stable-stringify/-/json-stable-stringify-1.0.1.tgz#9a759d39c5f2ff503fd5300646ed445f88c4f9af"
  dependencies:
    jsonify "~0.0.0"

jsonfile@^4.0.0:
  version "4.0.0"
  resolved "https://registry.yarnpkg.com/jsonfile/-/jsonfile-4.0.0.tgz#8771aae0799b64076b76640fca058f9c10e33ecb"
  optionalDependencies:
    graceful-fs "^4.1.6"

jsonify@~0.0.0:
  version "0.0.0"
  resolved "https://registry.yarnpkg.com/jsonify/-/jsonify-0.0.0.tgz#2c74b6ee41d93ca51b7b5aaee8f503631d252a73"

jsonwebtoken@8.1.0:
  version "8.1.0"
  resolved "https://registry.yarnpkg.com/jsonwebtoken/-/jsonwebtoken-8.1.0.tgz#c6397cd2e5fd583d65c007a83dc7bb78e6982b83"
  dependencies:
    jws "^3.1.4"
    lodash.includes "^4.3.0"
    lodash.isboolean "^3.0.3"
    lodash.isinteger "^4.0.4"
    lodash.isnumber "^3.0.3"
    lodash.isplainobject "^4.0.6"
    lodash.isstring "^4.0.1"
    lodash.once "^4.0.0"
    ms "^2.0.0"
    xtend "^4.0.1"

jsonwebtoken@^8.1.0:
  version "8.1.1"
  resolved "https://registry.yarnpkg.com/jsonwebtoken/-/jsonwebtoken-8.1.1.tgz#b04d8bb2ad847bc93238c3c92170ffdbdd1cb2ea"
  dependencies:
    jws "^3.1.4"
    lodash.includes "^4.3.0"
    lodash.isboolean "^3.0.3"
    lodash.isinteger "^4.0.4"
    lodash.isnumber "^3.0.3"
    lodash.isplainobject "^4.0.6"
    lodash.isstring "^4.0.1"
    lodash.once "^4.0.0"
    ms "^2.1.1"
    xtend "^4.0.1"

jwa@^1.1.4:
  version "1.1.5"
  resolved "https://registry.yarnpkg.com/jwa/-/jwa-1.1.5.tgz#a0552ce0220742cd52e153774a32905c30e756e5"
  dependencies:
    base64url "2.0.0"
    buffer-equal-constant-time "1.0.1"
    ecdsa-sig-formatter "1.0.9"
    safe-buffer "^5.0.1"

jws@^3.1.4:
  version "3.1.4"
  resolved "https://registry.yarnpkg.com/jws/-/jws-3.1.4.tgz#f9e8b9338e8a847277d6444b1464f61880e050a2"
  dependencies:
    base64url "^2.0.0"
    jwa "^1.1.4"
    safe-buffer "^5.0.1"

lodash.assign@^4.2.0:
  version "4.2.0"
  resolved "https://registry.yarnpkg.com/lodash.assign/-/lodash.assign-4.2.0.tgz#0d99f3ccd7a6d261d19bdaeb9245005d285808e7"

lodash.includes@^4.3.0:
  version "4.3.0"
  resolved "https://registry.yarnpkg.com/lodash.includes/-/lodash.includes-4.3.0.tgz#60bb98a87cb923c68ca1e51325483314849f553f"

lodash.isboolean@^3.0.3:
  version "3.0.3"
  resolved "https://registry.yarnpkg.com/lodash.isboolean/-/lodash.isboolean-3.0.3.tgz#6c2e171db2a257cd96802fd43b01b20d5f5870f6"

lodash.isinteger@^4.0.4:
  version "4.0.4"
  resolved "https://registry.yarnpkg.com/lodash.isinteger/-/lodash.isinteger-4.0.4.tgz#619c0af3d03f8b04c31f5882840b77b11cd68343"

lodash.isnumber@^3.0.3:
  version "3.0.3"
  resolved "https://registry.yarnpkg.com/lodash.isnumber/-/lodash.isnumber-3.0.3.tgz#3ce76810c5928d03352301ac287317f11c0b1ffc"

lodash.isobject@^3.0.2:
  version "3.0.2"
  resolved "https://registry.yarnpkg.com/lodash.isobject/-/lodash.isobject-3.0.2.tgz#3c8fb8d5b5bf4bf90ae06e14f2a530a4ed935e1d"

lodash.isplainobject@^4.0.6:
  version "4.0.6"
  resolved "https://registry.yarnpkg.com/lodash.isplainobject/-/lodash.isplainobject-4.0.6.tgz#7c526a52d89b45c45cc690b88163be0497f550cb"

lodash.isstring@^4.0.1:
  version "4.0.1"
  resolved "https://registry.yarnpkg.com/lodash.isstring/-/lodash.isstring-4.0.1.tgz#d527dfb5456eca7cc9bb95d5daeaf88ba54a5451"

lodash.once@^4.0.0:
  version "4.1.1"
  resolved "https://registry.yarnpkg.com/lodash.once/-/lodash.once-4.1.1.tgz#0dd3971213c7c56df880977d504c88fb471a97ac"

lodash@^4.17.4:
  version "4.17.4"
  resolved "https://registry.yarnpkg.com/lodash/-/lodash-4.17.4.tgz#78203a4d1c328ae1d86dca6460e369b57f4055ae"

media-typer@0.3.0:
  version "0.3.0"
  resolved "https://registry.yarnpkg.com/media-typer/-/media-typer-0.3.0.tgz#8710d7af0aa626f8fffa1ce00168545263255748"

merge-descriptors@1.0.1:
  version "1.0.1"
  resolved "https://registry.yarnpkg.com/merge-descriptors/-/merge-descriptors-1.0.1.tgz#b00aaa556dd8b44568150ec9d1b953f3f90cbb61"

methods@~1.1.2:
  version "1.1.2"
  resolved "https://registry.yarnpkg.com/methods/-/methods-1.1.2.tgz#5529a4d67654134edcc5266656835b0f851afcee"

mime-db@~1.30.0:
  version "1.30.0"
  resolved "https://registry.yarnpkg.com/mime-db/-/mime-db-1.30.0.tgz#74c643da2dd9d6a45399963465b26d5ca7d71f01"

mime-types@~2.1.15, mime-types@~2.1.16:
  version "2.1.17"
  resolved "https://registry.yarnpkg.com/mime-types/-/mime-types-2.1.17.tgz#09d7a393f03e995a79f8af857b70a9e0ab16557a"
  dependencies:
    mime-db "~1.30.0"

mime@1.4.1:
  version "1.4.1"
  resolved "https://registry.yarnpkg.com/mime/-/mime-1.4.1.tgz#121f9ebc49e3766f311a76e1fa1c8003c4b03aa6"

minimatch@^3.0.4:
  version "3.0.4"
  resolved "https://registry.yarnpkg.com/minimatch/-/minimatch-3.0.4.tgz#5166e286457f03306064be5497e8dbb0c3d32083"
  dependencies:
    brace-expansion "^1.1.7"

minimist@0.0.8:
  version "0.0.8"
  resolved "https://registry.yarnpkg.com/minimist/-/minimist-0.0.8.tgz#857fcabfc3397d2625b8228262e86aa7a011b05d"

mkdirp@0.5.x:
  version "0.5.1"
  resolved "https://registry.yarnpkg.com/mkdirp/-/mkdirp-0.5.1.tgz#30057438eac6cf7f8c4767f38648d6697d75c903"
  dependencies:
    minimist "0.0.8"

ms@2.0.0:
  version "2.0.0"
  resolved "https://registry.yarnpkg.com/ms/-/ms-2.0.0.tgz#5608aeadfc00be6c2901df5f9861788de0d597c8"

ms@^2.0.0, ms@^2.1.1:
  version "2.1.1"
  resolved "https://registry.yarnpkg.com/ms/-/ms-2.1.1.tgz#30a5864eb3ebb0a66f2ebe6d727af06a09d86e0a"

negotiator@0.6.1:
  version "0.6.1"
  resolved "https://registry.yarnpkg.com/negotiator/-/negotiator-0.6.1.tgz#2b327184e8992101177b28563fb5e7102acd0ca9"

node-fetch@1.7.3, node-fetch@^1.0.1:
  version "1.7.3"
  resolved "https://registry.yarnpkg.com/node-fetch/-/node-fetch-1.7.3.tgz#980f6f72d85211a5347c6b2bc18c5b84c3eb47ef"
  dependencies:
    encoding "^0.1.11"
    is-stream "^1.0.1"

object-assign@^4:
  version "4.1.1"
  resolved "https://registry.yarnpkg.com/object-assign/-/object-assign-4.1.1.tgz#2109adc7965887cfc05cbbd442cac8bfbb360863"

object-path@^0.11.4:
  version "0.11.4"
  resolved "https://registry.yarnpkg.com/object-path/-/object-path-0.11.4.tgz#370ae752fbf37de3ea70a861c23bba8915691949"

on-finished@~2.3.0:
  version "2.3.0"
  resolved "https://registry.yarnpkg.com/on-finished/-/on-finished-2.3.0.tgz#20f1336481b083cd75337992a16971aa2d906947"
  dependencies:
    ee-first "1.1.1"

parseurl@~1.3.2:
  version "1.3.2"
  resolved "https://registry.yarnpkg.com/parseurl/-/parseurl-1.3.2.tgz#fc289d4ed8993119460c156253262cdc8de65bf3"

path-to-regexp@0.1.7:
  version "0.1.7"
  resolved "https://registry.yarnpkg.com/path-to-regexp/-/path-to-regexp-0.1.7.tgz#df604178005f522f15eb4490e7247a1bfaa67f8c"

portfinder@^1.0.13:
  version "1.0.13"
  resolved "https://registry.yarnpkg.com/portfinder/-/portfinder-1.0.13.tgz#bb32ecd87c27104ae6ee44b5a3ccbf0ebb1aede9"
  dependencies:
    async "^1.5.2"
    debug "^2.2.0"
    mkdirp "0.5.x"

prisma-binding@1.3.7:
  version "1.3.7"
  resolved "https://registry.yarnpkg.com/prisma-binding/-/prisma-binding-1.3.7.tgz#f182d3a1cfd4bea0e4033d82eb67fbab709f467c"
  dependencies:
    apollo-link "1.0.7"
    apollo-link-error "1.0.3"
    apollo-link-http "1.3.2"
    apollo-link-ws "1.0.4"
    cross-fetch "1.1.1"
    graphql "0.12.3"
    graphql-binding "1.2.0"
    graphql-import "0.3.1"
    graphql-tools "2.18.0"
    jsonwebtoken "^8.1.0"
    subscriptions-transport-ws "0.9.5"

prisma@1.0.0:
  version "1.0.0"
  resolved "https://registry.yarnpkg.com/prisma/-/prisma-1.0.0.tgz#b4279fdf87755f4cc057813eef5d3df105fd41cc"

proxy-addr@~2.0.2:
  version "2.0.2"
  resolved "https://registry.yarnpkg.com/proxy-addr/-/proxy-addr-2.0.2.tgz#6571504f47bb988ec8180253f85dd7e14952bdec"
  dependencies:
    forwarded "~0.1.2"
    ipaddr.js "1.5.2"

qs@6.5.1:
  version "6.5.1"
  resolved "https://registry.yarnpkg.com/qs/-/qs-6.5.1.tgz#349cdf6eef89ec45c12d7d5eb3fc0c870343a6d8"

range-parser@~1.2.0:
  version "1.2.0"
  resolved "https://registry.yarnpkg.com/range-parser/-/range-parser-1.2.0.tgz#f49be6b487894ddc40dcc94a322f611092e00d5e"

raw-body@2.3.2:
  version "2.3.2"
  resolved "https://registry.yarnpkg.com/raw-body/-/raw-body-2.3.2.tgz#bcd60c77d3eb93cde0050295c3f379389bc88f89"
  dependencies:
    bytes "3.0.0"
    http-errors "1.6.2"
    iconv-lite "0.4.19"
    unpipe "1.0.0"

readable-stream@1.1.x:
  version "1.1.14"
  resolved "https://registry.yarnpkg.com/readable-stream/-/readable-stream-1.1.14.tgz#7cf4c54ef648e3813084c636dd2079e166c081d9"
  dependencies:
    core-util-is "~1.0.0"
    inherits "~2.0.1"
    isarray "0.0.1"
    string_decoder "~0.10.x"

regenerator-runtime@^0.11.1:
  version "0.11.1"
  resolved "https://registry.yarnpkg.com/regenerator-runtime/-/regenerator-runtime-0.11.1.tgz#be05ad7f9bf7d22e056f9726cee5017fbf19e2e9"

replaceall@^0.1.6:
  version "0.1.6"
  resolved "https://registry.yarnpkg.com/replaceall/-/replaceall-0.1.6.tgz#81d81ac7aeb72d7f5c4942adf2697a3220688d8e"

safe-buffer@5.1.1, safe-buffer@^5.0.1, safe-buffer@~5.1.0:
  version "5.1.1"
  resolved "https://registry.yarnpkg.com/safe-buffer/-/safe-buffer-5.1.1.tgz#893312af69b2123def71f57889001671eeb2c853"

scuid@^1.0.2:
  version "1.0.2"
  resolved "https://registry.yarnpkg.com/scuid/-/scuid-1.0.2.tgz#3e62465671a0b87435e3a377957a20e45aac5b40"

send@0.16.1:
  version "0.16.1"
  resolved "https://registry.yarnpkg.com/send/-/send-0.16.1.tgz#a70e1ca21d1382c11d0d9f6231deb281080d7ab3"
  dependencies:
    debug "2.6.9"
    depd "~1.1.1"
    destroy "~1.0.4"
    encodeurl "~1.0.1"
    escape-html "~1.0.3"
    etag "~1.8.1"
    fresh "0.5.2"
    http-errors "~1.6.2"
    mime "1.4.1"
    ms "2.0.0"
    on-finished "~2.3.0"
    range-parser "~1.2.0"
    statuses "~1.3.1"

serve-static@1.13.1:
  version "1.13.1"
  resolved "https://registry.yarnpkg.com/serve-static/-/serve-static-1.13.1.tgz#4c57d53404a761d8f2e7c1e8a18a47dbf278a719"
  dependencies:
    encodeurl "~1.0.1"
    escape-html "~1.0.3"
    parseurl "~1.3.2"
    send "0.16.1"

setprototypeof@1.0.3:
  version "1.0.3"
  resolved "https://registry.yarnpkg.com/setprototypeof/-/setprototypeof-1.0.3.tgz#66567e37043eeb4f04d91bd658c0cbefb55b8e04"

setprototypeof@1.1.0:
  version "1.1.0"
  resolved "https://registry.yarnpkg.com/setprototypeof/-/setprototypeof-1.1.0.tgz#d0bd85536887b6fe7c0d818cb962d9d91c54e656"

source-map-support@^0.5.1:
  version "0.5.2"
  resolved "https://registry.yarnpkg.com/source-map-support/-/source-map-support-0.5.2.tgz#1a6297fd5b2e762b39688c7fc91233b60984f0a5"
  dependencies:
    source-map "^0.6.0"

source-map@^0.6.0:
  version "0.6.1"
  resolved "https://registry.yarnpkg.com/source-map/-/source-map-0.6.1.tgz#74722af32e9614e9c287a8d0bbde48b5e2f1a263"

sprintf-js@~1.0.2:
  version "1.0.3"
  resolved "https://registry.yarnpkg.com/sprintf-js/-/sprintf-js-1.0.3.tgz#04e6926f662895354f3dd015203633b857297e2c"

"statuses@>= 1.3.1 < 2":
  version "1.4.0"
  resolved "https://registry.yarnpkg.com/statuses/-/statuses-1.4.0.tgz#bb73d446da2796106efcc1b601a253d6c46bd087"

statuses@~1.3.1:
  version "1.3.1"
  resolved "https://registry.yarnpkg.com/statuses/-/statuses-1.3.1.tgz#faf51b9eb74aaef3b3acf4ad5f61abf24cb7b93e"

streamsearch@0.1.2:
  version "0.1.2"
  resolved "https://registry.yarnpkg.com/streamsearch/-/streamsearch-0.1.2.tgz#808b9d0e56fc273d809ba57338e929919a1a9f1a"

string_decoder@~0.10.x:
  version "0.10.31"
  resolved "https://registry.yarnpkg.com/string_decoder/-/string_decoder-0.10.31.tgz#62e203bc41766c6c28c9fc84301dab1c5310fa94"

subscriptions-transport-ws@0.9.5, subscriptions-transport-ws@^0.9.4:
  version "0.9.5"
  resolved "https://registry.yarnpkg.com/subscriptions-transport-ws/-/subscriptions-transport-ws-0.9.5.tgz#faa9eb1230d5f2efe355368cd973b867e4483c53"
  dependencies:
    backo2 "^1.0.2"
    eventemitter3 "^2.0.3"
    iterall "^1.1.1"
    lodash.assign "^4.2.0"
    lodash.isobject "^3.0.2"
    lodash.isstring "^4.0.1"
    symbol-observable "^1.0.4"
    ws "^3.0.0"

symbol-observable@^1.0.4:
  version "1.1.0"
  resolved "https://registry.yarnpkg.com/symbol-observable/-/symbol-observable-1.1.0.tgz#5c68fd8d54115d9dfb72a84720549222e8db9b32"

type-is@~1.6.15:
  version "1.6.15"
  resolved "https://registry.yarnpkg.com/type-is/-/type-is-1.6.15.tgz#cab10fb4909e441c82842eafe1ad646c81804410"
  dependencies:
    media-typer "0.3.0"
    mime-types "~2.1.15"

ultron@~1.1.0:
  version "1.1.1"
  resolved "https://registry.yarnpkg.com/ultron/-/ultron-1.1.1.tgz#9fe1536a10a664a65266a1e3ccf85fd36302bc9c"

universalify@^0.1.0:
  version "0.1.1"
  resolved "https://registry.yarnpkg.com/universalify/-/universalify-0.1.1.tgz#fa71badd4437af4c148841e3b3b165f9e9e590b7"

unpipe@1.0.0, unpipe@~1.0.0:
  version "1.0.0"
  resolved "https://registry.yarnpkg.com/unpipe/-/unpipe-1.0.0.tgz#b2bf4ee8514aae6165b4817829d21b2ef49904ec"

utils-merge@1.0.1:
  version "1.0.1"
  resolved "https://registry.yarnpkg.com/utils-merge/-/utils-merge-1.0.1.tgz#9f95710f50a267947b2ccc124741c1028427e713"

uuid@^3.1.0:
  version "3.2.1"
  resolved "https://registry.yarnpkg.com/uuid/-/uuid-3.2.1.tgz#12c528bb9d58d0b9265d9a2f6f0fe8be17ff1f14"

vary@^1, vary@~1.1.2:
  version "1.1.2"
  resolved "https://registry.yarnpkg.com/vary/-/vary-1.1.2.tgz#2299f02c6ded30d4a5961b0b9f74524a18f634fc"

whatwg-fetch@2.0.3, whatwg-fetch@>=0.10.0:
  version "2.0.3"
  resolved "https://registry.yarnpkg.com/whatwg-fetch/-/whatwg-fetch-2.0.3.tgz#9c84ec2dcf68187ff00bc64e1274b442176e1c84"

ws@^3.0.0:
  version "3.3.3"
  resolved "https://registry.yarnpkg.com/ws/-/ws-3.3.3.tgz#f1cf84fe2d5e901ebce94efaece785f187a228f2"
  dependencies:
    async-limiter "~1.0.0"
    safe-buffer "~5.1.0"
    ultron "~1.1.0"

xtend@^4.0.1:
  version "4.0.1"
  resolved "https://registry.yarnpkg.com/xtend/-/xtend-4.0.1.tgz#a5c6d532be656e23db820efb943a1f04998d63af"

yaml-ast-parser@^0.0.40:
  version "0.0.40"
  resolved "https://registry.yarnpkg.com/yaml-ast-parser/-/yaml-ast-parser-0.0.40.tgz#08536d4e73d322b1c9ce207ab8dd70e04d20ae6e"

zen-observable@^0.6.0:
  version "0.6.1"
  resolved "https://registry.yarnpkg.com/zen-observable/-/zen-observable-0.6.1.tgz#01dbed3bc8d02cbe9ee1112c83e04c807f647244"
